
Microsoft Visual Studio Solution File, Format Version 12.00
# Visual Studio 14
VisualStudioVersion = 14.0.24720.0
MinimumVisualStudioVersion = 10.0.40219.1
Project("{2150E333-8FDC-42A3-9474-1A3956D46DE8}") = "monitor", "monitor", "{D4A1E5D7-B261-4425-AFCC-BD5E9BEB5ABD}"
EndProject
Project("{8BC9CEB8-8B4A-11D0-8D11-00A0C91BC942}") = "ActionMonitor", "monitor\ActionMonitor\ActionMonitor.vcxproj", "{7CE5149C-FF54-4BC5-A962-7982CE41D08F}"
EndProject
Project("{8BC9CEB8-8B4A-11D0-8D11-00A0C91BC942}") = "amplugin", "monitor\api\amplugin\amplugin.vcxproj", "{93AF99D9-1217-4A51-BBF5-2794513D4136}"
EndProject
Project("{8BC9CEB8-8B4A-11D0-8D11-00A0C91BC942}") = "lua", "monitor\api\lua\lua.vcxproj", "{29A050D6-5061-4511-80BB-C59F37BA7804}"
EndProject
Project("{2150E333-8FDC-42A3-9474-1A3956D46DE8}") = "myodd", "myodd", "{FBDF6C02-5C76-4DCD-840C-CCFC1DB841C4}"
EndProject
Project("{8BC9CEB8-8B4A-11D0-8D11-00A0C91BC942}") = "hook", "monitor\hook\hook.vcxproj", "{5173B5B4-A838-44C3-9CC3-5172504CF9AE}"
EndProject
Project("{8BC9CEB8-8B4A-11D0-8D11-00A0C91BC942}") = "myodd", "myodd\myodd.vcxproj", "{887C7E24-886C-4584-8CE4-89F45D7BB3D7}"
EndProject
Project("{2150E333-8FDC-42A3-9474-1A3956D46DE8}") = "plugins", "plugins", "{2BCE893B-002B-4D34-8880-E05F12B8DF54}"
EndProject
Project("{8BC9CEB8-8B4A-11D0-8D11-00A0C91BC942}") = "LoaderPlugin", "plugins\LoaderPlugin\LoaderPlugin.vcxproj", "{3727CC9F-BFC4-46C0-818B-01D816E290C2}"
EndProject
Project("{8BC9CEB8-8B4A-11D0-8D11-00A0C91BC942}") = "Dolly", "plugins\Dolly\Dolly.vcxproj", "{563BEEC4-FBEC-4457-BC1F-BC72A70471FF}"
EndProject
Project("{8BC9CEB8-8B4A-11D0-8D11-00A0C91BC942}") = "AppPaths", "plugins\AppPaths\AppPaths.vcxproj", "{B5683404-E532-424F-8B05-758799186726}"
EndProject
Global
	GlobalSection(SolutionConfigurationPlatforms) = preSolution
		Debug MT|x86 = Debug MT|x86
		Debug|x86 = Debug|x86
		Release MT|x86 = Release MT|x86
		Release|x86 = Release|x86
	EndGlobalSection
	GlobalSection(ProjectConfigurationPlatforms) = postSolution
		{7CE5149C-FF54-4BC5-A962-7982CE41D08F}.Debug MT|x86.ActiveCfg = Debug|Win32
		{7CE5149C-FF54-4BC5-A962-7982CE41D08F}.Debug MT|x86.Build.0 = Debug|Win32
		{7CE5149C-FF54-4BC5-A962-7982CE41D08F}.Debug|x86.ActiveCfg = Debug|Win32
		{7CE5149C-FF54-4BC5-A962-7982CE41D08F}.Debug|x86.Build.0 = Debug|Win32
		{7CE5149C-FF54-4BC5-A962-7982CE41D08F}.Release MT|x86.ActiveCfg = Release|Win32
		{7CE5149C-FF54-4BC5-A962-7982CE41D08F}.Release MT|x86.Build.0 = Release|Win32
		{7CE5149C-FF54-4BC5-A962-7982CE41D08F}.Release|x86.ActiveCfg = Release|Win32
		{7CE5149C-FF54-4BC5-A962-7982CE41D08F}.Release|x86.Build.0 = Release|Win32
		{93AF99D9-1217-4A51-BBF5-2794513D4136}.Debug MT|x86.ActiveCfg = Debug|Win32
		{93AF99D9-1217-4A51-BBF5-2794513D4136}.Debug MT|x86.Build.0 = Debug|Win32
		{93AF99D9-1217-4A51-BBF5-2794513D4136}.Debug|x86.ActiveCfg = Debug|Win32
		{93AF99D9-1217-4A51-BBF5-2794513D4136}.Debug|x86.Build.0 = Debug|Win32
		{93AF99D9-1217-4A51-BBF5-2794513D4136}.Release MT|x86.ActiveCfg = Release|Win32
		{93AF99D9-1217-4A51-BBF5-2794513D4136}.Release MT|x86.Build.0 = Release|Win32
		{93AF99D9-1217-4A51-BBF5-2794513D4136}.Release|x86.ActiveCfg = Release|Win32
		{93AF99D9-1217-4A51-BBF5-2794513D4136}.Release|x86.Build.0 = Release|Win32
		{29A050D6-5061-4511-80BB-C59F37BA7804}.Debug MT|x86.ActiveCfg = Debug|Win32
		{29A050D6-5061-4511-80BB-C59F37BA7804}.Debug MT|x86.Build.0 = Debug|Win32
		{29A050D6-5061-4511-80BB-C59F37BA7804}.Debug|x86.ActiveCfg = Debug|Win32
		{29A050D6-5061-4511-80BB-C59F37BA7804}.Debug|x86.Build.0 = Debug|Win32
		{29A050D6-5061-4511-80BB-C59F37BA7804}.Release MT|x86.ActiveCfg = Release|Win32
		{29A050D6-5061-4511-80BB-C59F37BA7804}.Release MT|x86.Build.0 = Release|Win32
		{29A050D6-5061-4511-80BB-C59F37BA7804}.Release|x86.ActiveCfg = Release|Win32
		{29A050D6-5061-4511-80BB-C59F37BA7804}.Release|x86.Build.0 = Release|Win32
		{5173B5B4-A838-44C3-9CC3-5172504CF9AE}.Debug MT|x86.ActiveCfg = Debug|Win32
		{5173B5B4-A838-44C3-9CC3-5172504CF9AE}.Debug MT|x86.Build.0 = Debug|Win32
		{5173B5B4-A838-44C3-9CC3-5172504CF9AE}.Debug|x86.ActiveCfg = Debug|Win32
		{5173B5B4-A838-44C3-9CC3-5172504CF9AE}.Debug|x86.Build.0 = Debug|Win32
		{5173B5B4-A838-44C3-9CC3-5172504CF9AE}.Release MT|x86.ActiveCfg = Release|Win32
		{5173B5B4-A838-44C3-9CC3-5172504CF9AE}.Release MT|x86.Build.0 = Release|Win32
		{5173B5B4-A838-44C3-9CC3-5172504CF9AE}.Release|x86.ActiveCfg = Release|Win32
		{5173B5B4-A838-44C3-9CC3-5172504CF9AE}.Release|x86.Build.0 = Release|Win32
		{887C7E24-886C-4584-8CE4-89F45D7BB3D7}.Debug MT|x86.ActiveCfg = Debug MT|Win32
		{887C7E24-886C-4584-8CE4-89F45D7BB3D7}.Debug MT|x86.Build.0 = Debug MT|Win32
		{887C7E24-886C-4584-8CE4-89F45D7BB3D7}.Debug|x86.ActiveCfg = Debug MT|Win32
		{887C7E24-886C-4584-8CE4-89F45D7BB3D7}.Debug|x86.Build.0 = Debug MT|Win32
		{887C7E24-886C-4584-8CE4-89F45D7BB3D7}.Release MT|x86.ActiveCfg = Release MT|Win32
		{887C7E24-886C-4584-8CE4-89F45D7BB3D7}.Release MT|x86.Build.0 = Release MT|Win32
		{887C7E24-886C-4584-8CE4-89F45D7BB3D7}.Release|x86.ActiveCfg = Release MT|Win32
		{887C7E24-886C-4584-8CE4-89F45D7BB3D7}.Release|x86.Build.0 = Release MT|Win32
		{3727CC9F-BFC4-46C0-818B-01D816E290C2}.Debug MT|x86.ActiveCfg = Debug|Win32
		{3727CC9F-BFC4-46C0-818B-01D816E290C2}.Debug MT|x86.Build.0 = Debug|Win32
		{3727CC9F-BFC4-46C0-818B-01D816E290C2}.Debug|x86.ActiveCfg = Debug|Win32
		{3727CC9F-BFC4-46C0-818B-01D816E290C2}.Debug|x86.Build.0 = Debug|Win32
		{3727CC9F-BFC4-46C0-818B-01D816E290C2}.Release MT|x86.ActiveCfg = Release|Win32
		{3727CC9F-BFC4-46C0-818B-01D816E290C2}.Release MT|x86.Build.0 = Release|Win32
		{3727CC9F-BFC4-46C0-818B-01D816E290C2}.Release|x86.ActiveCfg = Release|Win32
		{3727CC9F-BFC4-46C0-818B-01D816E290C2}.Release|x86.Build.0 = Release|Win32
		{563BEEC4-FBEC-4457-BC1F-BC72A70471FF}.Debug MT|x86.ActiveCfg = Debug|Win32
		{563BEEC4-FBEC-4457-BC1F-BC72A70471FF}.Debug MT|x86.Build.0 = Debug|Win32
		{563BEEC4-FBEC-4457-BC1F-BC72A70471FF}.Debug|x86.ActiveCfg = Debug|Win32
		{563BEEC4-FBEC-4457-BC1F-BC72A70471FF}.Debug|x86.Build.0 = Debug|Win32
		{563BEEC4-FBEC-4457-BC1F-BC72A70471FF}.Release MT|x86.ActiveCfg = Release|Win32
		{563BEEC4-FBEC-4457-BC1F-BC72A70471FF}.Release MT|x86.Build.0 = Release|Win32
		{563BEEC4-FBEC-4457-BC1F-BC72A70471FF}.Release|x86.ActiveCfg = Release|Win32
		{563BEEC4-FBEC-4457-BC1F-BC72A70471FF}.Release|x86.Build.0 = Release|Win32
		{B5683404-E532-424F-8B05-758799186726}.Debug MT|x86.ActiveCfg = Debug|Win32
		{B5683404-E532-424F-8B05-758799186726}.Debug MT|x86.Build.0 = Debug|Win32
		{B5683404-E532-424F-8B05-758799186726}.Debug|x86.ActiveCfg = Debug|Win32
		{B5683404-E532-424F-8B05-758799186726}.Debug|x86.Build.0 = Debug|Win32
		{B5683404-E532-424F-8B05-758799186726}.Release MT|x86.ActiveCfg = Release|Win32
		{B5683404-E532-424F-8B05-758799186726}.Release MT|x86.Build.0 = Release|Win32
		{B5683404-E532-424F-8B05-758799186726}.Release|x86.ActiveCfg = Release|Win32
		{B5683404-E532-424F-8B05-758799186726}.Release|x86.Build.0 = Release|Win32
	EndGlobalSection
	GlobalSection(SolutionProperties) = preSolution
		HideSolutionNode = FALSE
	EndGlobalSection
	GlobalSection(NestedProjects) = preSolution
		{7CE5149C-FF54-4BC5-A962-7982CE41D08F} = {D4A1E5D7-B261-4425-AFCC-BD5E9BEB5ABD}
		{93AF99D9-1217-4A51-BBF5-2794513D4136} = {D4A1E5D7-B261-4425-AFCC-BD5E9BEB5ABD}
		{29A050D6-5061-4511-80BB-C59F37BA7804} = {D4A1E5D7-B261-4425-AFCC-BD5E9BEB5ABD}
		{5173B5B4-A838-44C3-9CC3-5172504CF9AE} = {D4A1E5D7-B261-4425-AFCC-BD5E9BEB5ABD}
		{887C7E24-886C-4584-8CE4-89F45D7BB3D7} = {FBDF6C02-5C76-4DCD-840C-CCFC1DB841C4}
		{3727CC9F-BFC4-46C0-818B-01D816E290C2} = {2BCE893B-002B-4D34-8880-E05F12B8DF54}
		{563BEEC4-FBEC-4457-BC1F-BC72A70471FF} = {2BCE893B-002B-4D34-8880-E05F12B8DF54}
		{B5683404-E532-424F-8B05-758799186726} = {2BCE893B-002B-4D34-8880-E05F12B8DF54}
	EndGlobalSection
EndGlobal
