
Microsoft Visual Studio Solution File, Format Version 12.00
# Visual Studio 14
VisualStudioVersion = 14.0.24720.0
MinimumVisualStudioVersion = 10.0.40219.1
Project("{2150E333-8FDC-42A3-9474-1A3956D46DE8}") = "monitor", "monitor", "{D4A1E5D7-B261-4425-AFCC-BD5E9BEB5ABD}"
EndProject
Project("{8BC9CEB8-8B4A-11D0-8D11-00A0C91BC942}") = "ActionMonitor", "monitor\ActionMonitor\ActionMonitor.vcxproj", "{7CE5149C-FF54-4BC5-A962-7982CE41D08F}"
EndProject
Project("{8BC9CEB8-8B4A-11D0-8D11-00A0C91BC942}") = "amplugin", "monitor\api\amplugin\amplugin.vcxproj", "{93AF99D9-1217-4A51-BBF5-2794513D4136}"
EndProject
Project("{8BC9CEB8-8B4A-11D0-8D11-00A0C91BC942}") = "lua", "monitor\api\lua\lua.vcxproj", "{29A050D6-5061-4511-80BB-C59F37BA7804}"
EndProject
Project("{2150E333-8FDC-42A3-9474-1A3956D46DE8}") = "myodd", "myodd", "{FBDF6C02-5C76-4DCD-840C-CCFC1DB841C4}"
EndProject
Project("{8BC9CEB8-8B4A-11D0-8D11-00A0C91BC942}") = "hook", "monitor\hook\hook.vcxproj", "{5173B5B4-A838-44C3-9CC3-5172504CF9AE}"
EndProject
Project("{8BC9CEB8-8B4A-11D0-8D11-00A0C91BC942}") = "myodd", "myodd\myodd.vcxproj", "{887C7E24-886C-4584-8CE4-89F45D7BB3D7}"
EndProject
Project("{2150E333-8FDC-42A3-9474-1A3956D46DE8}") = "plugins", "plugins", "{2BCE893B-002B-4D34-8880-E05F12B8DF54}"
EndProject
Project("{8BC9CEB8-8B4A-11D0-8D11-00A0C91BC942}") = "LoaderPlugin", "plugins\LoaderPlugin\LoaderPlugin.vcxproj", "{3727CC9F-BFC4-46C0-818B-01D816E290C2}"
	ProjectSection(ProjectDependencies) = postProject
		{93AF99D9-1217-4A51-BBF5-2794513D4136} = {93AF99D9-1217-4A51-BBF5-2794513D4136}
	EndProjectSection
EndProject
Project("{8BC9CEB8-8B4A-11D0-8D11-00A0C91BC942}") = "Dolly", "plugins\Dolly\Dolly.vcxproj", "{563BEEC4-FBEC-4457-BC1F-BC72A70471FF}"
	ProjectSection(ProjectDependencies) = postProject
		{93AF99D9-1217-4A51-BBF5-2794513D4136} = {93AF99D9-1217-4A51-BBF5-2794513D4136}
	EndProjectSection
EndProject
Project("{8BC9CEB8-8B4A-11D0-8D11-00A0C91BC942}") = "AppPaths", "plugins\AppPaths\AppPaths.vcxproj", "{B5683404-E532-424F-8B05-758799186726}"
	ProjectSection(ProjectDependencies) = postProject
		{887C7E24-886C-4584-8CE4-89F45D7BB3D7} = {887C7E24-886C-4584-8CE4-89F45D7BB3D7}
		{93AF99D9-1217-4A51-BBF5-2794513D4136} = {93AF99D9-1217-4A51-BBF5-2794513D4136}
	EndProjectSection
EndProject
Project("{2150E333-8FDC-42A3-9474-1A3956D46DE8}") = "Solution Items", "Solution Items", "{402FB2C7-B5B4-4BC3-8570-C6CBB03B698F}"
	ProjectSection(SolutionItems) = preProject
		readme.md = readme.md
	EndProjectSection
EndProject
Project("{8BC9CEB8-8B4A-11D0-8D11-00A0C91BC942}") = "myodd64", "myodd\myodd64.vcxproj", "{0161D190-3859-42D8-B30D-15718AEBB5DA}"
EndProject
Project("{8BC9CEB8-8B4A-11D0-8D11-00A0C91BC942}") = "ActionMonitor64", "monitor\ActionMonitor\ActionMonitor64.vcxproj", "{8F04DF17-B68F-44E6-B306-8E33F3FDFE35}"
EndProject
Project("{8BC9CEB8-8B4A-11D0-8D11-00A0C91BC942}") = "hook64", "monitor\hook\hook64.vcxproj", "{FFD7C5CB-0CB2-4550-8CEF-DEE9AAAD388A}"
EndProject
Project("{8BC9CEB8-8B4A-11D0-8D11-00A0C91BC942}") = "amplugin64", "monitor\api\amplugin\amplugin64.vcxproj", "{9B97CC3E-1BBC-452F-A8E8-FEAE2653ACA2}"
EndProject
Project("{8BC9CEB8-8B4A-11D0-8D11-00A0C91BC942}") = "lua64", "monitor\api\lua\lua64.vcxproj", "{460C4FCF-0BAA-4E9B-90C3-E7DC57E75FA6}"
EndProject
Global
	GlobalSection(SolutionConfigurationPlatforms) = preSolution
		Debug MT|Any CPU = Debug MT|Any CPU
		Debug MT|x64 = Debug MT|x64
		Debug MT|x86 = Debug MT|x86
		Debug|Any CPU = Debug|Any CPU
		Debug|x64 = Debug|x64
		Debug|x86 = Debug|x86
		Release MT|Any CPU = Release MT|Any CPU
		Release MT|x64 = Release MT|x64
		Release MT|x86 = Release MT|x86
		Release|Any CPU = Release|Any CPU
		Release|x64 = Release|x64
		Release|x86 = Release|x86
	EndGlobalSection
	GlobalSection(ProjectConfigurationPlatforms) = postSolution
		{7CE5149C-FF54-4BC5-A962-7982CE41D08F}.Debug MT|Any CPU.ActiveCfg = Debug|Win32
		{7CE5149C-FF54-4BC5-A962-7982CE41D08F}.Debug MT|Any CPU.Build.0 = Debug|Win32
		{7CE5149C-FF54-4BC5-A962-7982CE41D08F}.Debug MT|x64.ActiveCfg = Debug|x64
		{7CE5149C-FF54-4BC5-A962-7982CE41D08F}.Debug MT|x64.Build.0 = Debug|x64
		{7CE5149C-FF54-4BC5-A962-7982CE41D08F}.Debug MT|x86.ActiveCfg = Debug|Win32
		{7CE5149C-FF54-4BC5-A962-7982CE41D08F}.Debug MT|x86.Build.0 = Debug|Win32
		{7CE5149C-FF54-4BC5-A962-7982CE41D08F}.Debug|Any CPU.ActiveCfg = Debug|Win32
		{7CE5149C-FF54-4BC5-A962-7982CE41D08F}.Debug|Any CPU.Build.0 = Debug|Win32
		{7CE5149C-FF54-4BC5-A962-7982CE41D08F}.Debug|x64.ActiveCfg = Debug|x64
		{7CE5149C-FF54-4BC5-A962-7982CE41D08F}.Debug|x64.Build.0 = Debug|x64
		{7CE5149C-FF54-4BC5-A962-7982CE41D08F}.Debug|x86.ActiveCfg = Debug|Win32
		{7CE5149C-FF54-4BC5-A962-7982CE41D08F}.Debug|x86.Build.0 = Debug|Win32
		{7CE5149C-FF54-4BC5-A962-7982CE41D08F}.Release MT|Any CPU.ActiveCfg = Release|Win32
		{7CE5149C-FF54-4BC5-A962-7982CE41D08F}.Release MT|Any CPU.Build.0 = Release|Win32
		{7CE5149C-FF54-4BC5-A962-7982CE41D08F}.Release MT|x64.ActiveCfg = Release|x64
		{7CE5149C-FF54-4BC5-A962-7982CE41D08F}.Release MT|x64.Build.0 = Release|x64
		{7CE5149C-FF54-4BC5-A962-7982CE41D08F}.Release MT|x86.ActiveCfg = Release|Win32
		{7CE5149C-FF54-4BC5-A962-7982CE41D08F}.Release MT|x86.Build.0 = Release|Win32
		{7CE5149C-FF54-4BC5-A962-7982CE41D08F}.Release|Any CPU.ActiveCfg = Release|Win32
		{7CE5149C-FF54-4BC5-A962-7982CE41D08F}.Release|Any CPU.Build.0 = Release|Win32
		{7CE5149C-FF54-4BC5-A962-7982CE41D08F}.Release|x64.ActiveCfg = Release|x64
		{7CE5149C-FF54-4BC5-A962-7982CE41D08F}.Release|x64.Build.0 = Release|x64
		{7CE5149C-FF54-4BC5-A962-7982CE41D08F}.Release|x86.ActiveCfg = Release|Win32
		{7CE5149C-FF54-4BC5-A962-7982CE41D08F}.Release|x86.Build.0 = Release|Win32
		{93AF99D9-1217-4A51-BBF5-2794513D4136}.Debug MT|Any CPU.ActiveCfg = Debug|Win32
		{93AF99D9-1217-4A51-BBF5-2794513D4136}.Debug MT|Any CPU.Build.0 = Debug|Win32
		{93AF99D9-1217-4A51-BBF5-2794513D4136}.Debug MT|x64.ActiveCfg = Debug|x64
		{93AF99D9-1217-4A51-BBF5-2794513D4136}.Debug MT|x64.Build.0 = Debug|x64
		{93AF99D9-1217-4A51-BBF5-2794513D4136}.Debug MT|x86.ActiveCfg = Debug|Win32
		{93AF99D9-1217-4A51-BBF5-2794513D4136}.Debug MT|x86.Build.0 = Debug|Win32
		{93AF99D9-1217-4A51-BBF5-2794513D4136}.Debug|Any CPU.ActiveCfg = Debug|Win32
		{93AF99D9-1217-4A51-BBF5-2794513D4136}.Debug|Any CPU.Build.0 = Debug|Win32
		{93AF99D9-1217-4A51-BBF5-2794513D4136}.Debug|x64.ActiveCfg = Debug|x64
		{93AF99D9-1217-4A51-BBF5-2794513D4136}.Debug|x64.Build.0 = Debug|x64
		{93AF99D9-1217-4A51-BBF5-2794513D4136}.Debug|x86.ActiveCfg = Debug|Win32
		{93AF99D9-1217-4A51-BBF5-2794513D4136}.Debug|x86.Build.0 = Debug|Win32
		{93AF99D9-1217-4A51-BBF5-2794513D4136}.Release MT|Any CPU.ActiveCfg = Release|Win32
		{93AF99D9-1217-4A51-BBF5-2794513D4136}.Release MT|Any CPU.Build.0 = Release|Win32
		{93AF99D9-1217-4A51-BBF5-2794513D4136}.Release MT|x64.ActiveCfg = Release|x64
		{93AF99D9-1217-4A51-BBF5-2794513D4136}.Release MT|x64.Build.0 = Release|x64
		{93AF99D9-1217-4A51-BBF5-2794513D4136}.Release MT|x86.ActiveCfg = Release|Win32
		{93AF99D9-1217-4A51-BBF5-2794513D4136}.Release MT|x86.Build.0 = Release|Win32
		{93AF99D9-1217-4A51-BBF5-2794513D4136}.Release|Any CPU.ActiveCfg = Release|Win32
		{93AF99D9-1217-4A51-BBF5-2794513D4136}.Release|Any CPU.Build.0 = Release|Win32
		{93AF99D9-1217-4A51-BBF5-2794513D4136}.Release|x64.ActiveCfg = Release|x64
		{93AF99D9-1217-4A51-BBF5-2794513D4136}.Release|x64.Build.0 = Release|x64
		{93AF99D9-1217-4A51-BBF5-2794513D4136}.Release|x86.ActiveCfg = Release|Win32
		{93AF99D9-1217-4A51-BBF5-2794513D4136}.Release|x86.Build.0 = Release|Win32
		{29A050D6-5061-4511-80BB-C59F37BA7804}.Debug MT|Any CPU.ActiveCfg = Debug|Win32
		{29A050D6-5061-4511-80BB-C59F37BA7804}.Debug MT|Any CPU.Build.0 = Debug|Win32
		{29A050D6-5061-4511-80BB-C59F37BA7804}.Debug MT|x64.ActiveCfg = Debug|x64
		{29A050D6-5061-4511-80BB-C59F37BA7804}.Debug MT|x64.Build.0 = Debug|x64
		{29A050D6-5061-4511-80BB-C59F37BA7804}.Debug MT|x86.ActiveCfg = Debug|Win32
		{29A050D6-5061-4511-80BB-C59F37BA7804}.Debug MT|x86.Build.0 = Debug|Win32
		{29A050D6-5061-4511-80BB-C59F37BA7804}.Debug|Any CPU.ActiveCfg = Debug|Win32
		{29A050D6-5061-4511-80BB-C59F37BA7804}.Debug|Any CPU.Build.0 = Debug|Win32
		{29A050D6-5061-4511-80BB-C59F37BA7804}.Debug|x64.ActiveCfg = Debug|x64
		{29A050D6-5061-4511-80BB-C59F37BA7804}.Debug|x64.Build.0 = Debug|x64
		{29A050D6-5061-4511-80BB-C59F37BA7804}.Debug|x86.ActiveCfg = Debug|Win32
		{29A050D6-5061-4511-80BB-C59F37BA7804}.Debug|x86.Build.0 = Debug|Win32
		{29A050D6-5061-4511-80BB-C59F37BA7804}.Release MT|Any CPU.ActiveCfg = Release|Win32
		{29A050D6-5061-4511-80BB-C59F37BA7804}.Release MT|Any CPU.Build.0 = Release|Win32
		{29A050D6-5061-4511-80BB-C59F37BA7804}.Release MT|x64.ActiveCfg = Release|x64
		{29A050D6-5061-4511-80BB-C59F37BA7804}.Release MT|x64.Build.0 = Release|x64
		{29A050D6-5061-4511-80BB-C59F37BA7804}.Release MT|x86.ActiveCfg = Release|Win32
		{29A050D6-5061-4511-80BB-C59F37BA7804}.Release MT|x86.Build.0 = Release|Win32
		{29A050D6-5061-4511-80BB-C59F37BA7804}.Release|Any CPU.ActiveCfg = Release|Win32
		{29A050D6-5061-4511-80BB-C59F37BA7804}.Release|Any CPU.Build.0 = Release|Win32
		{29A050D6-5061-4511-80BB-C59F37BA7804}.Release|x64.ActiveCfg = Release|x64
		{29A050D6-5061-4511-80BB-C59F37BA7804}.Release|x64.Build.0 = Release|x64
		{29A050D6-5061-4511-80BB-C59F37BA7804}.Release|x86.ActiveCfg = Release|Win32
		{29A050D6-5061-4511-80BB-C59F37BA7804}.Release|x86.Build.0 = Release|Win32
		{5173B5B4-A838-44C3-9CC3-5172504CF9AE}.Debug MT|Any CPU.ActiveCfg = Debug|Win32
		{5173B5B4-A838-44C3-9CC3-5172504CF9AE}.Debug MT|Any CPU.Build.0 = Debug|Win32
		{5173B5B4-A838-44C3-9CC3-5172504CF9AE}.Debug MT|x64.ActiveCfg = Debug|x64
		{5173B5B4-A838-44C3-9CC3-5172504CF9AE}.Debug MT|x64.Build.0 = Debug|x64
		{5173B5B4-A838-44C3-9CC3-5172504CF9AE}.Debug MT|x86.ActiveCfg = Debug|Win32
		{5173B5B4-A838-44C3-9CC3-5172504CF9AE}.Debug MT|x86.Build.0 = Debug|Win32
		{5173B5B4-A838-44C3-9CC3-5172504CF9AE}.Debug|Any CPU.ActiveCfg = Debug|Win32
		{5173B5B4-A838-44C3-9CC3-5172504CF9AE}.Debug|Any CPU.Build.0 = Debug|Win32
		{5173B5B4-A838-44C3-9CC3-5172504CF9AE}.Debug|x64.ActiveCfg = Debug|x64
		{5173B5B4-A838-44C3-9CC3-5172504CF9AE}.Debug|x64.Build.0 = Debug|x64
		{5173B5B4-A838-44C3-9CC3-5172504CF9AE}.Debug|x86.ActiveCfg = Debug|Win32
		{5173B5B4-A838-44C3-9CC3-5172504CF9AE}.Debug|x86.Build.0 = Debug|Win32
		{5173B5B4-A838-44C3-9CC3-5172504CF9AE}.Release MT|Any CPU.ActiveCfg = Release|Win32
		{5173B5B4-A838-44C3-9CC3-5172504CF9AE}.Release MT|Any CPU.Build.0 = Release|Win32
		{5173B5B4-A838-44C3-9CC3-5172504CF9AE}.Release MT|x64.ActiveCfg = Release|x64
		{5173B5B4-A838-44C3-9CC3-5172504CF9AE}.Release MT|x64.Build.0 = Release|x64
		{5173B5B4-A838-44C3-9CC3-5172504CF9AE}.Release MT|x86.ActiveCfg = Release|Win32
		{5173B5B4-A838-44C3-9CC3-5172504CF9AE}.Release MT|x86.Build.0 = Release|Win32
		{5173B5B4-A838-44C3-9CC3-5172504CF9AE}.Release|Any CPU.ActiveCfg = Release|Win32
		{5173B5B4-A838-44C3-9CC3-5172504CF9AE}.Release|Any CPU.Build.0 = Release|Win32
		{5173B5B4-A838-44C3-9CC3-5172504CF9AE}.Release|x64.ActiveCfg = Release|x64
		{5173B5B4-A838-44C3-9CC3-5172504CF9AE}.Release|x64.Build.0 = Release|x64
		{5173B5B4-A838-44C3-9CC3-5172504CF9AE}.Release|x86.ActiveCfg = Release|Win32
		{5173B5B4-A838-44C3-9CC3-5172504CF9AE}.Release|x86.Build.0 = Release|Win32
		{887C7E24-886C-4584-8CE4-89F45D7BB3D7}.Debug MT|Any CPU.ActiveCfg = Debug MT|Win32
		{887C7E24-886C-4584-8CE4-89F45D7BB3D7}.Debug MT|Any CPU.Build.0 = Debug MT|Win32
		{887C7E24-886C-4584-8CE4-89F45D7BB3D7}.Debug MT|x64.ActiveCfg = Debug MT|x64
		{887C7E24-886C-4584-8CE4-89F45D7BB3D7}.Debug MT|x64.Build.0 = Debug MT|x64
		{887C7E24-886C-4584-8CE4-89F45D7BB3D7}.Debug MT|x86.ActiveCfg = Debug MT|Win32
		{887C7E24-886C-4584-8CE4-89F45D7BB3D7}.Debug MT|x86.Build.0 = Debug MT|Win32
		{887C7E24-886C-4584-8CE4-89F45D7BB3D7}.Debug|Any CPU.ActiveCfg = Debug MT|Win32
		{887C7E24-886C-4584-8CE4-89F45D7BB3D7}.Debug|Any CPU.Build.0 = Debug MT|Win32
		{887C7E24-886C-4584-8CE4-89F45D7BB3D7}.Debug|x64.ActiveCfg = Debug|x64
		{887C7E24-886C-4584-8CE4-89F45D7BB3D7}.Debug|x64.Build.0 = Debug|x64
		{887C7E24-886C-4584-8CE4-89F45D7BB3D7}.Debug|x86.ActiveCfg = Debug|Win32
		{887C7E24-886C-4584-8CE4-89F45D7BB3D7}.Debug|x86.Build.0 = Debug|Win32
		{887C7E24-886C-4584-8CE4-89F45D7BB3D7}.Release MT|Any CPU.ActiveCfg = Release MT|Win32
		{887C7E24-886C-4584-8CE4-89F45D7BB3D7}.Release MT|Any CPU.Build.0 = Release MT|Win32
		{887C7E24-886C-4584-8CE4-89F45D7BB3D7}.Release MT|x64.ActiveCfg = Release MT|x64
		{887C7E24-886C-4584-8CE4-89F45D7BB3D7}.Release MT|x64.Build.0 = Release MT|x64
		{887C7E24-886C-4584-8CE4-89F45D7BB3D7}.Release MT|x86.ActiveCfg = Release MT|Win32
		{887C7E24-886C-4584-8CE4-89F45D7BB3D7}.Release MT|x86.Build.0 = Release MT|Win32
		{887C7E24-886C-4584-8CE4-89F45D7BB3D7}.Release|Any CPU.ActiveCfg = Release|Win32
		{887C7E24-886C-4584-8CE4-89F45D7BB3D7}.Release|Any CPU.Build.0 = Release|Win32
		{887C7E24-886C-4584-8CE4-89F45D7BB3D7}.Release|x64.ActiveCfg = Release|x64
		{887C7E24-886C-4584-8CE4-89F45D7BB3D7}.Release|x64.Build.0 = Release|x64
		{887C7E24-886C-4584-8CE4-89F45D7BB3D7}.Release|x86.ActiveCfg = Release|Win32
		{887C7E24-886C-4584-8CE4-89F45D7BB3D7}.Release|x86.Build.0 = Release|Win32
		{3727CC9F-BFC4-46C0-818B-01D816E290C2}.Debug MT|Any CPU.ActiveCfg = Debug|Win32
		{3727CC9F-BFC4-46C0-818B-01D816E290C2}.Debug MT|Any CPU.Build.0 = Debug|Win32
		{3727CC9F-BFC4-46C0-818B-01D816E290C2}.Debug MT|x64.ActiveCfg = Debug|x64
		{3727CC9F-BFC4-46C0-818B-01D816E290C2}.Debug MT|x64.Build.0 = Debug|x64
		{3727CC9F-BFC4-46C0-818B-01D816E290C2}.Debug MT|x86.ActiveCfg = Debug|Win32
		{3727CC9F-BFC4-46C0-818B-01D816E290C2}.Debug MT|x86.Build.0 = Debug|Win32
		{3727CC9F-BFC4-46C0-818B-01D816E290C2}.Debug|Any CPU.ActiveCfg = Debug|Win32
		{3727CC9F-BFC4-46C0-818B-01D816E290C2}.Debug|Any CPU.Build.0 = Debug|Win32
		{3727CC9F-BFC4-46C0-818B-01D816E290C2}.Debug|x64.ActiveCfg = Debug|x64
		{3727CC9F-BFC4-46C0-818B-01D816E290C2}.Debug|x64.Build.0 = Debug|x64
		{3727CC9F-BFC4-46C0-818B-01D816E290C2}.Debug|x86.ActiveCfg = Debug|Win32
		{3727CC9F-BFC4-46C0-818B-01D816E290C2}.Debug|x86.Build.0 = Debug|Win32
		{3727CC9F-BFC4-46C0-818B-01D816E290C2}.Release MT|Any CPU.ActiveCfg = Release|Win32
		{3727CC9F-BFC4-46C0-818B-01D816E290C2}.Release MT|Any CPU.Build.0 = Release|Win32
		{3727CC9F-BFC4-46C0-818B-01D816E290C2}.Release MT|x64.ActiveCfg = Release|x64
		{3727CC9F-BFC4-46C0-818B-01D816E290C2}.Release MT|x64.Build.0 = Release|x64
		{3727CC9F-BFC4-46C0-818B-01D816E290C2}.Release MT|x86.ActiveCfg = Release|Win32
		{3727CC9F-BFC4-46C0-818B-01D816E290C2}.Release MT|x86.Build.0 = Release|Win32
		{3727CC9F-BFC4-46C0-818B-01D816E290C2}.Release|Any CPU.ActiveCfg = Release|Win32
		{3727CC9F-BFC4-46C0-818B-01D816E290C2}.Release|Any CPU.Build.0 = Release|Win32
		{3727CC9F-BFC4-46C0-818B-01D816E290C2}.Release|x64.ActiveCfg = Release|x64
		{3727CC9F-BFC4-46C0-818B-01D816E290C2}.Release|x64.Build.0 = Release|x64
		{3727CC9F-BFC4-46C0-818B-01D816E290C2}.Release|x86.ActiveCfg = Release|Win32
		{3727CC9F-BFC4-46C0-818B-01D816E290C2}.Release|x86.Build.0 = Release|Win32
		{563BEEC4-FBEC-4457-BC1F-BC72A70471FF}.Debug MT|Any CPU.ActiveCfg = Debug|Win32
		{563BEEC4-FBEC-4457-BC1F-BC72A70471FF}.Debug MT|Any CPU.Build.0 = Debug|Win32
		{563BEEC4-FBEC-4457-BC1F-BC72A70471FF}.Debug MT|x64.ActiveCfg = Debug|x64
		{563BEEC4-FBEC-4457-BC1F-BC72A70471FF}.Debug MT|x64.Build.0 = Debug|x64
		{563BEEC4-FBEC-4457-BC1F-BC72A70471FF}.Debug MT|x86.ActiveCfg = Debug|Win32
		{563BEEC4-FBEC-4457-BC1F-BC72A70471FF}.Debug MT|x86.Build.0 = Debug|Win32
		{563BEEC4-FBEC-4457-BC1F-BC72A70471FF}.Debug|Any CPU.ActiveCfg = Debug|Win32
		{563BEEC4-FBEC-4457-BC1F-BC72A70471FF}.Debug|Any CPU.Build.0 = Debug|Win32
		{563BEEC4-FBEC-4457-BC1F-BC72A70471FF}.Debug|x64.ActiveCfg = Debug|x64
		{563BEEC4-FBEC-4457-BC1F-BC72A70471FF}.Debug|x64.Build.0 = Debug|x64
		{563BEEC4-FBEC-4457-BC1F-BC72A70471FF}.Debug|x86.ActiveCfg = Debug|Win32
		{563BEEC4-FBEC-4457-BC1F-BC72A70471FF}.Debug|x86.Build.0 = Debug|Win32
		{563BEEC4-FBEC-4457-BC1F-BC72A70471FF}.Release MT|Any CPU.ActiveCfg = Release|Win32
		{563BEEC4-FBEC-4457-BC1F-BC72A70471FF}.Release MT|Any CPU.Build.0 = Release|Win32
		{563BEEC4-FBEC-4457-BC1F-BC72A70471FF}.Release MT|x64.ActiveCfg = Release|x64
		{563BEEC4-FBEC-4457-BC1F-BC72A70471FF}.Release MT|x64.Build.0 = Release|x64
		{563BEEC4-FBEC-4457-BC1F-BC72A70471FF}.Release MT|x86.ActiveCfg = Release|Win32
		{563BEEC4-FBEC-4457-BC1F-BC72A70471FF}.Release MT|x86.Build.0 = Release|Win32
		{563BEEC4-FBEC-4457-BC1F-BC72A70471FF}.Release|Any CPU.ActiveCfg = Release|Win32
		{563BEEC4-FBEC-4457-BC1F-BC72A70471FF}.Release|Any CPU.Build.0 = Release|Win32
		{563BEEC4-FBEC-4457-BC1F-BC72A70471FF}.Release|x64.ActiveCfg = Release|x64
		{563BEEC4-FBEC-4457-BC1F-BC72A70471FF}.Release|x64.Build.0 = Release|x64
		{563BEEC4-FBEC-4457-BC1F-BC72A70471FF}.Release|x86.ActiveCfg = Release|Win32
		{563BEEC4-FBEC-4457-BC1F-BC72A70471FF}.Release|x86.Build.0 = Release|Win32
		{B5683404-E532-424F-8B05-758799186726}.Debug MT|Any CPU.ActiveCfg = Debug|Win32
		{B5683404-E532-424F-8B05-758799186726}.Debug MT|Any CPU.Build.0 = Debug|Win32
		{B5683404-E532-424F-8B05-758799186726}.Debug MT|x64.ActiveCfg = Debug|x64
		{B5683404-E532-424F-8B05-758799186726}.Debug MT|x64.Build.0 = Debug|x64
		{B5683404-E532-424F-8B05-758799186726}.Debug MT|x86.ActiveCfg = Debug|Win32
		{B5683404-E532-424F-8B05-758799186726}.Debug MT|x86.Build.0 = Debug|Win32
		{B5683404-E532-424F-8B05-758799186726}.Debug|Any CPU.ActiveCfg = Debug|Win32
		{B5683404-E532-424F-8B05-758799186726}.Debug|Any CPU.Build.0 = Debug|Win32
		{B5683404-E532-424F-8B05-758799186726}.Debug|x64.ActiveCfg = Debug|x64
		{B5683404-E532-424F-8B05-758799186726}.Debug|x64.Build.0 = Debug|x64
		{B5683404-E532-424F-8B05-758799186726}.Debug|x86.ActiveCfg = Debug|Win32
		{B5683404-E532-424F-8B05-758799186726}.Debug|x86.Build.0 = Debug|Win32
		{B5683404-E532-424F-8B05-758799186726}.Release MT|Any CPU.ActiveCfg = Release|Win32
		{B5683404-E532-424F-8B05-758799186726}.Release MT|Any CPU.Build.0 = Release|Win32
		{B5683404-E532-424F-8B05-758799186726}.Release MT|x64.ActiveCfg = Release|x64
		{B5683404-E532-424F-8B05-758799186726}.Release MT|x64.Build.0 = Release|x64
		{B5683404-E532-424F-8B05-758799186726}.Release MT|x86.ActiveCfg = Release|Win32
		{B5683404-E532-424F-8B05-758799186726}.Release MT|x86.Build.0 = Release|Win32
		{B5683404-E532-424F-8B05-758799186726}.Release|Any CPU.ActiveCfg = Release|Win32
		{B5683404-E532-424F-8B05-758799186726}.Release|Any CPU.Build.0 = Release|Win32
		{B5683404-E532-424F-8B05-758799186726}.Release|x64.ActiveCfg = Release|x64
		{B5683404-E532-424F-8B05-758799186726}.Release|x64.Build.0 = Release|x64
		{B5683404-E532-424F-8B05-758799186726}.Release|x86.ActiveCfg = Release|Win32
		{B5683404-E532-424F-8B05-758799186726}.Release|x86.Build.0 = Release|Win32
		{0161D190-3859-42D8-B30D-15718AEBB5DA}.Debug MT|Any CPU.ActiveCfg = Debug MT|x64
		{0161D190-3859-42D8-B30D-15718AEBB5DA}.Debug MT|Any CPU.Build.0 = Debug MT|x64
		{0161D190-3859-42D8-B30D-15718AEBB5DA}.Debug MT|x64.ActiveCfg = Debug MT|x64
		{0161D190-3859-42D8-B30D-15718AEBB5DA}.Debug MT|x64.Build.0 = Debug MT|x64
		{0161D190-3859-42D8-B30D-15718AEBB5DA}.Debug MT|x86.ActiveCfg = Debug MT|Win32
		{0161D190-3859-42D8-B30D-15718AEBB5DA}.Debug MT|x86.Build.0 = Debug MT|Win32
		{0161D190-3859-42D8-B30D-15718AEBB5DA}.Debug|Any CPU.ActiveCfg = Debug MT|x64
		{0161D190-3859-42D8-B30D-15718AEBB5DA}.Debug|Any CPU.Build.0 = Debug MT|x64
		{0161D190-3859-42D8-B30D-15718AEBB5DA}.Debug|x64.ActiveCfg = Debug|x64
		{0161D190-3859-42D8-B30D-15718AEBB5DA}.Debug|x64.Build.0 = Debug|x64
		{0161D190-3859-42D8-B30D-15718AEBB5DA}.Debug|x86.ActiveCfg = Debug|Win32
		{0161D190-3859-42D8-B30D-15718AEBB5DA}.Debug|x86.Build.0 = Debug|Win32
		{0161D190-3859-42D8-B30D-15718AEBB5DA}.Release MT|Any CPU.ActiveCfg = Release MT|x64
		{0161D190-3859-42D8-B30D-15718AEBB5DA}.Release MT|Any CPU.Build.0 = Release MT|x64
		{0161D190-3859-42D8-B30D-15718AEBB5DA}.Release MT|x64.ActiveCfg = Release MT|x64
		{0161D190-3859-42D8-B30D-15718AEBB5DA}.Release MT|x64.Build.0 = Release MT|x64
		{0161D190-3859-42D8-B30D-15718AEBB5DA}.Release MT|x86.ActiveCfg = Release MT|Win32
		{0161D190-3859-42D8-B30D-15718AEBB5DA}.Release MT|x86.Build.0 = Release MT|Win32
		{0161D190-3859-42D8-B30D-15718AEBB5DA}.Release|Any CPU.ActiveCfg = Release|x64
		{0161D190-3859-42D8-B30D-15718AEBB5DA}.Release|Any CPU.Build.0 = Release|x64
		{0161D190-3859-42D8-B30D-15718AEBB5DA}.Release|x64.ActiveCfg = Release|x64
		{0161D190-3859-42D8-B30D-15718AEBB5DA}.Release|x64.Build.0 = Release|x64
		{0161D190-3859-42D8-B30D-15718AEBB5DA}.Release|x86.ActiveCfg = Release|Win32
		{0161D190-3859-42D8-B30D-15718AEBB5DA}.Release|x86.Build.0 = Release|Win32
		{8F04DF17-B68F-44E6-B306-8E33F3FDFE35}.Debug MT|Any CPU.ActiveCfg = Debug|x64
		{8F04DF17-B68F-44E6-B306-8E33F3FDFE35}.Debug MT|Any CPU.Build.0 = Debug|x64
		{8F04DF17-B68F-44E6-B306-8E33F3FDFE35}.Debug MT|x64.ActiveCfg = Debug|x64
		{8F04DF17-B68F-44E6-B306-8E33F3FDFE35}.Debug MT|x64.Build.0 = Debug|x64
		{8F04DF17-B68F-44E6-B306-8E33F3FDFE35}.Debug MT|x86.ActiveCfg = Debug|Win32
		{8F04DF17-B68F-44E6-B306-8E33F3FDFE35}.Debug MT|x86.Build.0 = Debug|Win32
		{8F04DF17-B68F-44E6-B306-8E33F3FDFE35}.Debug|Any CPU.ActiveCfg = Debug|x64
		{8F04DF17-B68F-44E6-B306-8E33F3FDFE35}.Debug|Any CPU.Build.0 = Debug|x64
		{8F04DF17-B68F-44E6-B306-8E33F3FDFE35}.Debug|x64.ActiveCfg = Debug|x64
		{8F04DF17-B68F-44E6-B306-8E33F3FDFE35}.Debug|x64.Build.0 = Debug|x64
		{8F04DF17-B68F-44E6-B306-8E33F3FDFE35}.Debug|x86.ActiveCfg = Debug|Win32
		{8F04DF17-B68F-44E6-B306-8E33F3FDFE35}.Debug|x86.Build.0 = Debug|Win32
		{8F04DF17-B68F-44E6-B306-8E33F3FDFE35}.Release MT|Any CPU.ActiveCfg = Release|x64
		{8F04DF17-B68F-44E6-B306-8E33F3FDFE35}.Release MT|Any CPU.Build.0 = Release|x64
		{8F04DF17-B68F-44E6-B306-8E33F3FDFE35}.Release MT|x64.ActiveCfg = Release|x64
		{8F04DF17-B68F-44E6-B306-8E33F3FDFE35}.Release MT|x64.Build.0 = Release|x64
		{8F04DF17-B68F-44E6-B306-8E33F3FDFE35}.Release MT|x86.ActiveCfg = Release|Win32
		{8F04DF17-B68F-44E6-B306-8E33F3FDFE35}.Release MT|x86.Build.0 = Release|Win32
		{8F04DF17-B68F-44E6-B306-8E33F3FDFE35}.Release|Any CPU.ActiveCfg = Release|x64
		{8F04DF17-B68F-44E6-B306-8E33F3FDFE35}.Release|Any CPU.Build.0 = Release|x64
		{8F04DF17-B68F-44E6-B306-8E33F3FDFE35}.Release|x64.ActiveCfg = Release|x64
		{8F04DF17-B68F-44E6-B306-8E33F3FDFE35}.Release|x64.Build.0 = Release|x64
		{8F04DF17-B68F-44E6-B306-8E33F3FDFE35}.Release|x86.ActiveCfg = Release|Win32
		{8F04DF17-B68F-44E6-B306-8E33F3FDFE35}.Release|x86.Build.0 = Release|Win32
		{FFD7C5CB-0CB2-4550-8CEF-DEE9AAAD388A}.Debug MT|Any CPU.ActiveCfg = Debug|x64
		{FFD7C5CB-0CB2-4550-8CEF-DEE9AAAD388A}.Debug MT|Any CPU.Build.0 = Debug|x64
		{FFD7C5CB-0CB2-4550-8CEF-DEE9AAAD388A}.Debug MT|x64.ActiveCfg = Debug|x64
		{FFD7C5CB-0CB2-4550-8CEF-DEE9AAAD388A}.Debug MT|x64.Build.0 = Debug|x64
		{FFD7C5CB-0CB2-4550-8CEF-DEE9AAAD388A}.Debug MT|x86.ActiveCfg = Debug|Win32
		{FFD7C5CB-0CB2-4550-8CEF-DEE9AAAD388A}.Debug MT|x86.Build.0 = Debug|Win32
		{FFD7C5CB-0CB2-4550-8CEF-DEE9AAAD388A}.Debug|Any CPU.ActiveCfg = Debug|x64
		{FFD7C5CB-0CB2-4550-8CEF-DEE9AAAD388A}.Debug|Any CPU.Build.0 = Debug|x64
		{FFD7C5CB-0CB2-4550-8CEF-DEE9AAAD388A}.Debug|x64.ActiveCfg = Debug|x64
		{FFD7C5CB-0CB2-4550-8CEF-DEE9AAAD388A}.Debug|x64.Build.0 = Debug|x64
		{FFD7C5CB-0CB2-4550-8CEF-DEE9AAAD388A}.Debug|x86.ActiveCfg = Debug|Win32
		{FFD7C5CB-0CB2-4550-8CEF-DEE9AAAD388A}.Debug|x86.Build.0 = Debug|Win32
		{FFD7C5CB-0CB2-4550-8CEF-DEE9AAAD388A}.Release MT|Any CPU.ActiveCfg = Release|x64
		{FFD7C5CB-0CB2-4550-8CEF-DEE9AAAD388A}.Release MT|Any CPU.Build.0 = Release|x64
		{FFD7C5CB-0CB2-4550-8CEF-DEE9AAAD388A}.Release MT|x64.ActiveCfg = Release|x64
		{FFD7C5CB-0CB2-4550-8CEF-DEE9AAAD388A}.Release MT|x64.Build.0 = Release|x64
		{FFD7C5CB-0CB2-4550-8CEF-DEE9AAAD388A}.Release MT|x86.ActiveCfg = Release|Win32
		{FFD7C5CB-0CB2-4550-8CEF-DEE9AAAD388A}.Release MT|x86.Build.0 = Release|Win32
		{FFD7C5CB-0CB2-4550-8CEF-DEE9AAAD388A}.Release|Any CPU.ActiveCfg = Release|x64
		{FFD7C5CB-0CB2-4550-8CEF-DEE9AAAD388A}.Release|Any CPU.Build.0 = Release|x64
		{FFD7C5CB-0CB2-4550-8CEF-DEE9AAAD388A}.Release|x64.ActiveCfg = Release|x64
		{FFD7C5CB-0CB2-4550-8CEF-DEE9AAAD388A}.Release|x64.Build.0 = Release|x64
		{FFD7C5CB-0CB2-4550-8CEF-DEE9AAAD388A}.Release|x86.ActiveCfg = Release|Win32
		{FFD7C5CB-0CB2-4550-8CEF-DEE9AAAD388A}.Release|x86.Build.0 = Release|Win32
		{9B97CC3E-1BBC-452F-A8E8-FEAE2653ACA2}.Debug MT|Any CPU.ActiveCfg = Debug|x64
		{9B97CC3E-1BBC-452F-A8E8-FEAE2653ACA2}.Debug MT|Any CPU.Build.0 = Debug|x64
		{9B97CC3E-1BBC-452F-A8E8-FEAE2653ACA2}.Debug MT|x64.ActiveCfg = Debug|x64
		{9B97CC3E-1BBC-452F-A8E8-FEAE2653ACA2}.Debug MT|x64.Build.0 = Debug|x64
		{9B97CC3E-1BBC-452F-A8E8-FEAE2653ACA2}.Debug MT|x86.ActiveCfg = Debug|Win32
		{9B97CC3E-1BBC-452F-A8E8-FEAE2653ACA2}.Debug MT|x86.Build.0 = Debug|Win32
		{9B97CC3E-1BBC-452F-A8E8-FEAE2653ACA2}.Debug|Any CPU.ActiveCfg = Debug|x64
		{9B97CC3E-1BBC-452F-A8E8-FEAE2653ACA2}.Debug|Any CPU.Build.0 = Debug|x64
		{9B97CC3E-1BBC-452F-A8E8-FEAE2653ACA2}.Debug|x64.ActiveCfg = Debug|x64
		{9B97CC3E-1BBC-452F-A8E8-FEAE2653ACA2}.Debug|x64.Build.0 = Debug|x64
		{9B97CC3E-1BBC-452F-A8E8-FEAE2653ACA2}.Debug|x86.ActiveCfg = Debug|Win32
		{9B97CC3E-1BBC-452F-A8E8-FEAE2653ACA2}.Debug|x86.Build.0 = Debug|Win32
		{9B97CC3E-1BBC-452F-A8E8-FEAE2653ACA2}.Release MT|Any CPU.ActiveCfg = Release|x64
		{9B97CC3E-1BBC-452F-A8E8-FEAE2653ACA2}.Release MT|Any CPU.Build.0 = Release|x64
		{9B97CC3E-1BBC-452F-A8E8-FEAE2653ACA2}.Release MT|x64.ActiveCfg = Release|x64
		{9B97CC3E-1BBC-452F-A8E8-FEAE2653ACA2}.Release MT|x64.Build.0 = Release|x64
		{9B97CC3E-1BBC-452F-A8E8-FEAE2653ACA2}.Release MT|x86.ActiveCfg = Release|Win32
		{9B97CC3E-1BBC-452F-A8E8-FEAE2653ACA2}.Release MT|x86.Build.0 = Release|Win32
		{9B97CC3E-1BBC-452F-A8E8-FEAE2653ACA2}.Release|Any CPU.ActiveCfg = Release|x64
		{9B97CC3E-1BBC-452F-A8E8-FEAE2653ACA2}.Release|Any CPU.Build.0 = Release|x64
		{9B97CC3E-1BBC-452F-A8E8-FEAE2653ACA2}.Release|x64.ActiveCfg = Release|x64
		{9B97CC3E-1BBC-452F-A8E8-FEAE2653ACA2}.Release|x64.Build.0 = Release|x64
		{9B97CC3E-1BBC-452F-A8E8-FEAE2653ACA2}.Release|x86.ActiveCfg = Release|Win32
		{9B97CC3E-1BBC-452F-A8E8-FEAE2653ACA2}.Release|x86.Build.0 = Release|Win32
		{460C4FCF-0BAA-4E9B-90C3-E7DC57E75FA6}.Debug MT|Any CPU.ActiveCfg = Debug|x64
		{460C4FCF-0BAA-4E9B-90C3-E7DC57E75FA6}.Debug MT|Any CPU.Build.0 = Debug|x64
		{460C4FCF-0BAA-4E9B-90C3-E7DC57E75FA6}.Debug MT|x64.ActiveCfg = Debug|x64
		{460C4FCF-0BAA-4E9B-90C3-E7DC57E75FA6}.Debug MT|x64.Build.0 = Debug|x64
		{460C4FCF-0BAA-4E9B-90C3-E7DC57E75FA6}.Debug MT|x86.ActiveCfg = Debug|Win32
		{460C4FCF-0BAA-4E9B-90C3-E7DC57E75FA6}.Debug MT|x86.Build.0 = Debug|Win32
		{460C4FCF-0BAA-4E9B-90C3-E7DC57E75FA6}.Debug|Any CPU.ActiveCfg = Debug|Win32
		{460C4FCF-0BAA-4E9B-90C3-E7DC57E75FA6}.Debug|Any CPU.Build.0 = Debug|Win32
		{460C4FCF-0BAA-4E9B-90C3-E7DC57E75FA6}.Debug|x64.ActiveCfg = Debug|x64
		{460C4FCF-0BAA-4E9B-90C3-E7DC57E75FA6}.Debug|x64.Build.0 = Debug|x64
		{460C4FCF-0BAA-4E9B-90C3-E7DC57E75FA6}.Debug|x86.ActiveCfg = Debug|Win32
		{460C4FCF-0BAA-4E9B-90C3-E7DC57E75FA6}.Debug|x86.Build.0 = Debug|Win32
		{460C4FCF-0BAA-4E9B-90C3-E7DC57E75FA6}.Release MT|Any CPU.ActiveCfg = Release|x64
		{460C4FCF-0BAA-4E9B-90C3-E7DC57E75FA6}.Release MT|Any CPU.Build.0 = Release|x64
		{460C4FCF-0BAA-4E9B-90C3-E7DC57E75FA6}.Release MT|x64.ActiveCfg = Release|x64
		{460C4FCF-0BAA-4E9B-90C3-E7DC57E75FA6}.Release MT|x64.Build.0 = Release|x64
		{460C4FCF-0BAA-4E9B-90C3-E7DC57E75FA6}.Release MT|x86.ActiveCfg = Release|Win32
		{460C4FCF-0BAA-4E9B-90C3-E7DC57E75FA6}.Release MT|x86.Build.0 = Release|Win32
		{460C4FCF-0BAA-4E9B-90C3-E7DC57E75FA6}.Release|Any CPU.ActiveCfg = Release|x64
		{460C4FCF-0BAA-4E9B-90C3-E7DC57E75FA6}.Release|Any CPU.Build.0 = Release|x64
		{460C4FCF-0BAA-4E9B-90C3-E7DC57E75FA6}.Release|x64.ActiveCfg = Release|x64
		{460C4FCF-0BAA-4E9B-90C3-E7DC57E75FA6}.Release|x64.Build.0 = Release|x64
		{460C4FCF-0BAA-4E9B-90C3-E7DC57E75FA6}.Release|x86.ActiveCfg = Release|Win32
		{460C4FCF-0BAA-4E9B-90C3-E7DC57E75FA6}.Release|x86.Build.0 = Release|Win32
	EndGlobalSection
	GlobalSection(SolutionProperties) = preSolution
		HideSolutionNode = FALSE
	EndGlobalSection
	GlobalSection(NestedProjects) = preSolution
		{7CE5149C-FF54-4BC5-A962-7982CE41D08F} = {D4A1E5D7-B261-4425-AFCC-BD5E9BEB5ABD}
		{93AF99D9-1217-4A51-BBF5-2794513D4136} = {D4A1E5D7-B261-4425-AFCC-BD5E9BEB5ABD}
		{29A050D6-5061-4511-80BB-C59F37BA7804} = {D4A1E5D7-B261-4425-AFCC-BD5E9BEB5ABD}
		{5173B5B4-A838-44C3-9CC3-5172504CF9AE} = {D4A1E5D7-B261-4425-AFCC-BD5E9BEB5ABD}
		{887C7E24-886C-4584-8CE4-89F45D7BB3D7} = {FBDF6C02-5C76-4DCD-840C-CCFC1DB841C4}
		{3727CC9F-BFC4-46C0-818B-01D816E290C2} = {2BCE893B-002B-4D34-8880-E05F12B8DF54}
		{563BEEC4-FBEC-4457-BC1F-BC72A70471FF} = {2BCE893B-002B-4D34-8880-E05F12B8DF54}
		{B5683404-E532-424F-8B05-758799186726} = {2BCE893B-002B-4D34-8880-E05F12B8DF54}
		{0161D190-3859-42D8-B30D-15718AEBB5DA} = {FBDF6C02-5C76-4DCD-840C-CCFC1DB841C4}
		{8F04DF17-B68F-44E6-B306-8E33F3FDFE35} = {D4A1E5D7-B261-4425-AFCC-BD5E9BEB5ABD}
		{FFD7C5CB-0CB2-4550-8CEF-DEE9AAAD388A} = {D4A1E5D7-B261-4425-AFCC-BD5E9BEB5ABD}
		{9B97CC3E-1BBC-452F-A8E8-FEAE2653ACA2} = {D4A1E5D7-B261-4425-AFCC-BD5E9BEB5ABD}
		{460C4FCF-0BAA-4E9B-90C3-E7DC57E75FA6} = {D4A1E5D7-B261-4425-AFCC-BD5E9BEB5ABD}
	EndGlobalSection
EndGlobal
