<?xml version="1.0" encoding="utf-8"?>
<Project ToolsVersion="4.0" xmlns="http://schemas.microsoft.com/developer/msbuild/2003">
  <ItemGroup>
    <Filter Include="include">
      <UniqueIdentifier>{4FC737F1-C7A5-4376-A066-2A32D752A2FF}</UniqueIdentifier>
      <Extensions>cpp;c;cc;cxx;def;odl;idl;hpj;bat;asm;asmx</Extensions>
    </Filter>
    <Filter Include="myodd">
      <UniqueIdentifier>{831a3e0d-bbba-4ac8-8a7c-50c717e21517}</UniqueIdentifier>
    </Filter>
    <Filter Include="myodd\os">
      <UniqueIdentifier>{04a40bdf-97bd-46a7-a0bd-c4c461888bd4}</UniqueIdentifier>
    </Filter>
    <Filter Include="myodd\string">
      <UniqueIdentifier>{1011aab2-5fe5-4f58-abed-30871acbfa77}</UniqueIdentifier>
    </Filter>
    <Filter Include="myodd\files">
      <UniqueIdentifier>{6f3874b9-bbee-4b4b-9857-87b4be527232}</UniqueIdentifier>
    </Filter>
  </ItemGroup>
  <ItemGroup>
    <ClInclude Include="stdafx.h">
      <Filter>include</Filter>
    </ClInclude>
    <ClInclude Include="targetver.h">
      <Filter>include</Filter>
    </ClInclude>
    <ClInclude Include="testcommon.h">
      <Filter>myodd</Filter>
    </ClInclude>
  </ItemGroup>
  <ItemGroup>
    <ClCompile Include="stdafx.cpp">
      <Filter>include</Filter>
    </ClCompile>
    <ClCompile Include="main.cpp" />
    <ClCompile Include="os\testipcdata.cpp">
      <Filter>myodd\os</Filter>
    </ClCompile>
    <ClCompile Include="os\testipcdata_int32.cpp">
      <Filter>myodd\os</Filter>
    </ClCompile>
    <ClCompile Include="os\testipcdata_int64.cpp">
      <Filter>myodd\os</Filter>
    </ClCompile>
    <ClCompile Include="os\testipcdata_string.cpp">
      <Filter>myodd\os</Filter>
    </ClCompile>
    <ClCompile Include="os\testipcdata_varied.cpp">
      <Filter>myodd\os</Filter>
    </ClCompile>
    <ClCompile Include="os\testipcdata_wstring.cpp">
      <Filter>myodd\os</Filter>
    </ClCompile>
    <ClCompile Include="string\teststring_explode.cpp">
      <Filter>myodd\string</Filter>
    </ClCompile>
    <ClCompile Include="string\teststring_isnumeric.cpp">
      <Filter>myodd\string</Filter>
    </ClCompile>
    <ClCompile Include="string\teststring_isempty.cpp">
      <Filter>myodd\string</Filter>
    </ClCompile>
    <ClCompile Include="string\teststring_replace.cpp">
      <Filter>myodd\string</Filter>
    </ClCompile>
    <ClCompile Include="string\teststring_find.cpp">
      <Filter>myodd\string</Filter>
    </ClCompile>
    <ClCompile Include="string\teststring_compare.cpp">
      <Filter>myodd\string</Filter>
    </ClCompile>
    <ClCompile Include="files\testfiles_extension.cpp">
      <Filter>myodd\files</Filter>
    </ClCompile>
    <ClCompile Include="files\testfiles_backslash.cpp">
      <Filter>myodd\files</Filter>
    </ClCompile>
    <ClCompile Include="files\testfiles_is.cpp">
      <Filter>myodd\files</Filter>
    </ClCompile>
  </ItemGroup>
</Project>