<?xml version="1.0" encoding="utf-8"?>
<Project ToolsVersion="4.0" xmlns="http://schemas.microsoft.com/developer/msbuild/2003">
  <ItemGroup>
    <Filter Include="Source Files">
      <UniqueIdentifier>{4FC737F1-C7A5-4376-A066-2A32D752A2FF}</UniqueIdentifier>
      <Extensions>cpp;c;cc;cxx;def;odl;idl;hpj;bat;asm;asmx</Extensions>
    </Filter>
    <Filter Include="Header Files">
      <UniqueIdentifier>{93995380-89BD-4b04-88EB-625FBE52EBFB}</UniqueIdentifier>
      <Extensions>h;hpp;hxx;hm;inl;inc;xsd</Extensions>
    </Filter>
    <Filter Include="XML">
      <UniqueIdentifier>{45b73c92-359b-44e9-a5a8-bf056a8c0a1e}</UniqueIdentifier>
    </Filter>
    <Filter Include="Common">
      <UniqueIdentifier>{c4a95876-b2cc-4a3f-bce8-4a7fe3f0f8e3}</UniqueIdentifier>
    </Filter>
    <Filter Include="Config">
      <UniqueIdentifier>{92c1db23-5433-46ac-bf86-1d84af3e78a8}</UniqueIdentifier>
    </Filter>
    <Filter Include="notif">
      <UniqueIdentifier>{4080d5f1-a711-4cb1-a174-19b32507274c}</UniqueIdentifier>
    </Filter>
    <Filter Include="offset">
      <UniqueIdentifier>{1373003b-58a8-495b-b705-0128a1cfd64b}</UniqueIdentifier>
    </Filter>
    <Filter Include="log">
      <UniqueIdentifier>{26f5ccfd-d842-45f3-8c28-7962d17ae184}</UniqueIdentifier>
    </Filter>
    <Filter Include="registry">
      <UniqueIdentifier>{af7d82dd-d1fb-40e0-b4ff-823dc83e8961}</UniqueIdentifier>
    </Filter>
    <Filter Include="sqlite">
      <UniqueIdentifier>{2f424b6e-1de6-413a-b361-e8220c5b417a}</UniqueIdentifier>
    </Filter>
    <Filter Include="html">
      <UniqueIdentifier>{da516f4f-0abb-49e2-85d2-f5ba511a3f10}</UniqueIdentifier>
    </Filter>
    <Filter Include="threads">
      <UniqueIdentifier>{27d01403-5c2d-4b21-80b4-e7316b26106e}</UniqueIdentifier>
    </Filter>
    <Filter Include="files">
      <UniqueIdentifier>{e0102e7f-f5b6-45c3-8ada-d2350f624fc5}</UniqueIdentifier>
    </Filter>
    <Filter Include="math">
      <UniqueIdentifier>{f49da014-7528-465b-aaa8-af5113de6e35}</UniqueIdentifier>
    </Filter>
    <Filter Include="geo">
      <UniqueIdentifier>{f728e3a3-3f8a-47f6-8567-039b8c6b77b8}</UniqueIdentifier>
    </Filter>
    <Filter Include="network">
      <UniqueIdentifier>{a0f9d6ae-f29f-4593-be7a-e887a0502576}</UniqueIdentifier>
    </Filter>
    <Filter Include="wnd">
      <UniqueIdentifier>{bac88c21-2be8-4098-a497-9ade5412722a}</UniqueIdentifier>
    </Filter>
    <Filter Include="string">
      <UniqueIdentifier>{3087a44d-af8b-4376-a7d9-8eb5ef6d1b70}</UniqueIdentifier>
    </Filter>
    <Filter Include="os">
      <UniqueIdentifier>{1f0f441e-0f5d-46e1-abc1-bbb86cb6ce98}</UniqueIdentifier>
    </Filter>
    <Filter Include="pcre2">
      <UniqueIdentifier>{8c22bdd4-219e-466c-98eb-94650dd2780d}</UniqueIdentifier>
    </Filter>
    <Filter Include="pcre2\src">
      <UniqueIdentifier>{91dfa33b-2db1-45ee-85f9-94472faf090f}</UniqueIdentifier>
    </Filter>
    <Filter Include="cache">
      <UniqueIdentifier>{df4348ee-20f9-44d5-b8ca-c84987b98608}</UniqueIdentifier>
    </Filter>
    <Filter Include="dynamic">
      <UniqueIdentifier>{3108b6f9-744c-4233-a9dd-8a2bd5195188}</UniqueIdentifier>
    </Filter>
  </ItemGroup>
  <ItemGroup>
    <ClCompile Include="stdafx.cpp">
      <Filter>Source Files</Filter>
    </ClCompile>
    <ClCompile Include="config\Config.cpp">
      <Filter>Config</Filter>
    </ClCompile>
    <ClCompile Include="offsets\offset.cpp">
      <Filter>offset</Filter>
    </ClCompile>
    <ClCompile Include="log\log.cpp">
      <Filter>log</Filter>
    </ClCompile>
    <ClCompile Include="log\logfile.cpp">
      <Filter>log</Filter>
    </ClCompile>
    <ClCompile Include="registry\registry.cpp">
      <Filter>registry</Filter>
    </ClCompile>
    <ClCompile Include="sqlite\shell.c">
      <Filter>sqlite</Filter>
    </ClCompile>
    <ClCompile Include="sqlite\sqlite.cpp">
      <Filter>sqlite</Filter>
    </ClCompile>
    <ClCompile Include="sqlite\sqlite3.c">
      <Filter>sqlite</Filter>
    </ClCompile>
    <ClCompile Include="html\html.cpp">
      <Filter>html</Filter>
    </ClCompile>
    <ClCompile Include="html\Parser.cpp">
      <Filter>html</Filter>
    </ClCompile>
    <ClCompile Include="html\Token.cpp">
      <Filter>html</Filter>
    </ClCompile>
    <ClCompile Include="html\TokenBold.cpp">
      <Filter>html</Filter>
    </ClCompile>
    <ClCompile Include="html\TokenBr.cpp">
      <Filter>html</Filter>
    </ClCompile>
    <ClCompile Include="html\TokenItalic.cpp">
      <Filter>html</Filter>
    </ClCompile>
    <ClCompile Include="html\Tokens.cpp">
      <Filter>html</Filter>
    </ClCompile>
    <ClCompile Include="html\TokenStrikeout.cpp">
      <Filter>html</Filter>
    </ClCompile>
    <ClCompile Include="html\TokenUnderline.cpp">
      <Filter>html</Filter>
    </ClCompile>
    <ClCompile Include="threads\threads.cpp">
      <Filter>threads</Filter>
    </ClCompile>
    <ClCompile Include="files\files.cpp">
      <Filter>files</Filter>
    </ClCompile>
    <ClCompile Include="math\math.cpp">
      <Filter>math</Filter>
    </ClCompile>
    <ClCompile Include="geo\geo.cpp">
      <Filter>geo</Filter>
    </ClCompile>
    <ClCompile Include="network\network.cpp">
      <Filter>network</Filter>
    </ClCompile>
    <ClCompile Include="wnd\wnd.cpp">
      <Filter>wnd</Filter>
    </ClCompile>
    <ClCompile Include="string\string.cpp">
      <Filter>string</Filter>
    </ClCompile>
    <ClCompile Include="os\os.cpp">
      <Filter>os</Filter>
    </ClCompile>
    <ClCompile Include="threads\workers.cpp">
      <Filter>threads</Filter>
    </ClCompile>
    <ClCompile Include="threads\lock.cpp">
      <Filter>threads</Filter>
    </ClCompile>
    <ClCompile Include="log\logevent.cpp">
      <Filter>log</Filter>
    </ClCompile>
    <ClCompile Include="xml\tinyxml2.cpp">
      <Filter>XML</Filter>
    </ClCompile>
    <ClCompile Include="os\ipclistener.cpp">
      <Filter>os</Filter>
    </ClCompile>
    <ClCompile Include="os\ipcdata.cpp">
      <Filter>os</Filter>
    </ClCompile>
    <ClCompile Include="os\ipclistenerwnd.cpp">
      <Filter>os</Filter>
    </ClCompile>
    <ClCompile Include="pcre2\src\pcre2_xclass.c">
      <Filter>pcre2\src</Filter>
    </ClCompile>
    <ClCompile Include="pcre2\src\pcre2_valid_utf.c">
      <Filter>pcre2\src</Filter>
    </ClCompile>
    <ClCompile Include="pcre2\src\pcre2_ucd.c">
      <Filter>pcre2\src</Filter>
    </ClCompile>
    <ClCompile Include="pcre2\src\pcre2_tables.c">
      <Filter>pcre2\src</Filter>
    </ClCompile>
    <ClCompile Include="pcre2\src\pcre2_substring.c">
      <Filter>pcre2\src</Filter>
    </ClCompile>
    <ClCompile Include="pcre2\src\pcre2_substitute.c">
      <Filter>pcre2\src</Filter>
    </ClCompile>
    <ClCompile Include="pcre2\src\pcre2_study.c">
      <Filter>pcre2\src</Filter>
    </ClCompile>
    <ClCompile Include="pcre2\src\pcre2_string_utils.c">
      <Filter>pcre2\src</Filter>
    </ClCompile>
    <ClCompile Include="pcre2\src\pcre2_serialize.c">
      <Filter>pcre2\src</Filter>
    </ClCompile>
    <ClCompile Include="pcre2\src\pcre2_pattern_info.c">
      <Filter>pcre2\src</Filter>
    </ClCompile>
    <ClCompile Include="pcre2\src\pcre2_ord2utf.c">
      <Filter>pcre2\src</Filter>
    </ClCompile>
    <ClCompile Include="pcre2\src\pcre2_newline.c">
      <Filter>pcre2\src</Filter>
    </ClCompile>
    <ClCompile Include="pcre2\src\pcre2_match_data.c">
      <Filter>pcre2\src</Filter>
    </ClCompile>
    <ClCompile Include="pcre2\src\pcre2_match.c">
      <Filter>pcre2\src</Filter>
    </ClCompile>
    <ClCompile Include="pcre2\src\pcre2_maketables.c">
      <Filter>pcre2\src</Filter>
    </ClCompile>
    <ClCompile Include="pcre2\src\pcre2_jit_compile.c">
      <Filter>pcre2\src</Filter>
    </ClCompile>
    <ClCompile Include="pcre2\src\pcre2_find_bracket.c">
      <Filter>pcre2\src</Filter>
    </ClCompile>
    <ClCompile Include="pcre2\src\pcre2_error.c">
      <Filter>pcre2\src</Filter>
    </ClCompile>
    <ClCompile Include="pcre2\src\pcre2_dfa_match.c">
      <Filter>pcre2\src</Filter>
    </ClCompile>
    <ClCompile Include="pcre2\src\pcre2_context.c">
      <Filter>pcre2\src</Filter>
    </ClCompile>
    <ClCompile Include="pcre2\src\pcre2_config.c">
      <Filter>pcre2\src</Filter>
    </ClCompile>
    <ClCompile Include="pcre2\src\pcre2_compile.c">
      <Filter>pcre2\src</Filter>
    </ClCompile>
    <ClCompile Include="pcre2\src\pcre2_auto_possess.c">
      <Filter>pcre2\src</Filter>
    </ClCompile>
    <ClCompile Include="pcre2\regex2.cpp">
      <Filter>pcre2</Filter>
    </ClCompile>
    <ClCompile Include="cache\cacheitempolicy.cpp">
      <Filter>cache</Filter>
    </ClCompile>
    <ClCompile Include="cache\memorycache.cpp">
      <Filter>cache</Filter>
    </ClCompile>
    <ClCompile Include="pcre2\src\pcre2_chartables.c">
      <Filter>pcre2\src</Filter>
    </ClCompile>
    <ClCompile Include="config\data.cpp">
      <Filter>Config</Filter>
    </ClCompile>
    <ClCompile Include="threads\messages.cpp">
      <Filter>threads</Filter>
    </ClCompile>
    <ClCompile Include="pcre2\src\pcre2_script_run.c">
      <Filter>pcre2\src</Filter>
    </ClCompile>
    <ClCompile Include="pcre2\src\pcre2_extuni.c">
      <Filter>pcre2\src</Filter>
    </ClCompile>
  </ItemGroup>
  <ItemGroup>
    <None Include="myodd.def">
      <Filter>Source Files</Filter>
    </None>
    <None Include="sqlite\sqlite3.def">
      <Filter>sqlite</Filter>
    </None>
  </ItemGroup>
  <ItemGroup>
    <ClInclude Include="stdafx.h">
      <Filter>Header Files</Filter>
    </ClInclude>
    <ClInclude Include="targetver.h">
      <Filter>Header Files</Filter>
    </ClInclude>
    <ClInclude Include="common\includes.h">
      <Filter>Common</Filter>
    </ClInclude>
    <ClInclude Include="config\Config.h">
      <Filter>Config</Filter>
    </ClInclude>
    <ClInclude Include="notif\notif.h">
      <Filter>notif</Filter>
    </ClInclude>
    <ClInclude Include="offsets\offset.h">
      <Filter>offset</Filter>
    </ClInclude>
    <ClInclude Include="log\log.h">
      <Filter>log</Filter>
    </ClInclude>
    <ClInclude Include="log\logfile.h">
      <Filter>log</Filter>
    </ClInclude>
    <ClInclude Include="registry\registry.h">
      <Filter>registry</Filter>
    </ClInclude>
    <ClInclude Include="sqlite\sqlite.h">
      <Filter>sqlite</Filter>
    </ClInclude>
    <ClInclude Include="sqlite\sqlite3.h">
      <Filter>sqlite</Filter>
    </ClInclude>
    <ClInclude Include="sqlite\sqlite3ext.h">
      <Filter>sqlite</Filter>
    </ClInclude>
    <ClInclude Include="html\html.h">
      <Filter>html</Filter>
    </ClInclude>
    <ClInclude Include="html\Parser.h">
      <Filter>html</Filter>
    </ClInclude>
    <ClInclude Include="html\Token.h">
      <Filter>html</Filter>
    </ClInclude>
    <ClInclude Include="html\TokenBold.h">
      <Filter>html</Filter>
    </ClInclude>
    <ClInclude Include="html\TokenBr.h">
      <Filter>html</Filter>
    </ClInclude>
    <ClInclude Include="html\TokenItalic.h">
      <Filter>html</Filter>
    </ClInclude>
    <ClInclude Include="html\Tokens.h">
      <Filter>html</Filter>
    </ClInclude>
    <ClInclude Include="html\TokenStrikeout.h">
      <Filter>html</Filter>
    </ClInclude>
    <ClInclude Include="html\TokenUnderline.h">
      <Filter>html</Filter>
    </ClInclude>
    <ClInclude Include="threads\threads.h">
      <Filter>threads</Filter>
    </ClInclude>
    <ClInclude Include="files\files.h">
      <Filter>files</Filter>
    </ClInclude>
    <ClInclude Include="math\math.h">
      <Filter>math</Filter>
    </ClInclude>
    <ClInclude Include="geo\geo.h">
      <Filter>geo</Filter>
    </ClInclude>
    <ClInclude Include="network\network.h">
      <Filter>network</Filter>
    </ClInclude>
    <ClInclude Include="wnd\wnd.h">
      <Filter>wnd</Filter>
    </ClInclude>
    <ClInclude Include="string\string.h">
      <Filter>string</Filter>
    </ClInclude>
    <ClInclude Include="os\os.h">
      <Filter>os</Filter>
    </ClInclude>
    <ClInclude Include="threads\workers.h">
      <Filter>threads</Filter>
    </ClInclude>
    <ClInclude Include="threads\lock.h">
      <Filter>threads</Filter>
    </ClInclude>
    <ClInclude Include="log\logevent.h">
      <Filter>log</Filter>
    </ClInclude>
    <ClInclude Include="log\logtype.h">
      <Filter>log</Filter>
    </ClInclude>
    <ClInclude Include="xml\tinyxml2.h">
      <Filter>XML</Filter>
    </ClInclude>
    <ClInclude Include="os\ipclistener.h">
      <Filter>os</Filter>
    </ClInclude>
    <ClInclude Include="os\ipcdata.h">
      <Filter>os</Filter>
    </ClInclude>
    <ClInclude Include="os\ipclistenerwnd.h">
      <Filter>os</Filter>
    </ClInclude>
    <ClInclude Include="os\ipcmessagehandler.h">
      <Filter>os</Filter>
    </ClInclude>
    <ClInclude Include="pcre2\src\config.h">
      <Filter>pcre2\src</Filter>
    </ClInclude>
    <ClInclude Include="pcre2\regex2.h">
      <Filter>pcre2</Filter>
    </ClInclude>
    <ClInclude Include="cache\cacheitem.h">
      <Filter>cache</Filter>
    </ClInclude>
    <ClInclude Include="cache\cacheitempolicy.h">
      <Filter>cache</Filter>
    </ClInclude>
    <ClInclude Include="cache\memorycache.h">
      <Filter>cache</Filter>
    </ClInclude>
    <ClInclude Include="dynamic\any.h">
      <Filter>dynamic</Filter>
    </ClInclude>
    <ClInclude Include="dynamic\types.h">
      <Filter>dynamic</Filter>
    </ClInclude>
    <ClInclude Include="config\data.h">
      <Filter>Config</Filter>
    </ClInclude>
    <ClInclude Include="string\formatter.h">
      <Filter>string</Filter>
    </ClInclude>
    <ClInclude Include="threads\messages.h">
      <Filter>threads</Filter>
    </ClInclude>
  </ItemGroup>
</Project>