<?xml version="1.0" encoding="utf-8"?>
<Project ToolsVersion="4.0" xmlns="http://schemas.microsoft.com/developer/msbuild/2003">
  <ItemGroup>
    <Filter Include="Source Files">
      <UniqueIdentifier>{91d4a086-0f07-4bec-bfc2-a1e78923ac3b}</UniqueIdentifier>
      <Extensions>cpp;c;cxx;rc;def;r;odl;idl;hpj;bat</Extensions>
    </Filter>
    <Filter Include="Header Files">
      <UniqueIdentifier>{ab4c89ee-b3e5-4abb-99fc-f0b7f7b7043a}</UniqueIdentifier>
      <Extensions>h;hpp;hxx;hm;inl</Extensions>
    </Filter>
    <Filter Include="Resource Files">
      <UniqueIdentifier>{3aedcdba-eaf4-4440-8b41-4ae16449e868}</UniqueIdentifier>
      <Extensions>ico;cur;bmp;dlg;rc2;rct;bin;rgs;gif;jpg;jpeg;jpe</Extensions>
    </Filter>
    <Filter Include="api">
      <UniqueIdentifier>{90482882-b31f-43b1-81f8-680ac879de20}</UniqueIdentifier>
    </Filter>
    <Filter Include="actions">
      <UniqueIdentifier>{2d953d28-c23a-43e2-b110-37b4ec827e8f}</UniqueIdentifier>
    </Filter>
  </ItemGroup>
  <ItemGroup>
    <ClCompile Include="ActionMonitor.cpp">
      <Filter>Source Files</Filter>
    </ClCompile>
    <ClCompile Include="ActionMonitorDlg.cpp">
      <Filter>Source Files</Filter>
    </ClCompile>
    <ClCompile Include="ActionsImmediate.cpp">
      <Filter>Source Files</Filter>
    </ClCompile>
    <ClCompile Include="..\common\Clipboard.cpp">
      <Filter>Source Files</Filter>
    </ClCompile>
    <ClCompile Include="FadeWnd.cpp">
      <Filter>Source Files</Filter>
    </ClCompile>
    <ClCompile Include="MessageDlg.cpp">
      <Filter>Source Files</Filter>
    </ClCompile>
    <ClCompile Include="StdAfx.cpp">
      <Filter>Source Files</Filter>
    </ClCompile>
    <ClCompile Include="..\common\TrayDialog.cpp">
      <Filter>Source Files</Filter>
    </ClCompile>
    <ClCompile Include="..\api\helperapi.cpp">
      <Filter>api</Filter>
    </ClCompile>
    <ClCompile Include="..\api\luaapi.cpp">
      <Filter>api</Filter>
    </ClCompile>
    <ClCompile Include="..\api\LuaVirtualMachine.cpp">
      <Filter>api</Filter>
    </ClCompile>
    <ClCompile Include="..\api\pluginapi.cpp">
      <Filter>api</Filter>
    </ClCompile>
    <ClCompile Include="..\api\PluginVirtualMachine.cpp">
      <Filter>api</Filter>
    </ClCompile>
    <ClCompile Include="..\api\pyapi.cpp">
      <Filter>api</Filter>
    </ClCompile>
    <ClCompile Include="..\api\PythonVirtualMachine.cpp">
      <Filter>api</Filter>
    </ClCompile>
    <ClCompile Include="..\common\ClipboardData.cpp">
      <Filter>Source Files</Filter>
    </ClCompile>
    <ClCompile Include="..\common\ClipboardDropData.cpp">
      <Filter>Source Files</Filter>
    </ClCompile>
    <ClCompile Include="..\common\ClipboardsData.cpp">
      <Filter>Source Files</Filter>
    </ClCompile>
    <ClCompile Include="Action.cpp">
      <Filter>actions</Filter>
    </ClCompile>
    <ClCompile Include="ActionBye.cpp">
      <Filter>actions</Filter>
    </ClCompile>
    <ClCompile Include="ActionLoad.cpp">
      <Filter>actions</Filter>
    </ClCompile>
    <ClCompile Include="Actions.cpp">
      <Filter>actions</Filter>
    </ClCompile>
    <ClCompile Include="ActionVersion.cpp">
      <Filter>actions</Filter>
    </ClCompile>
    <ClCompile Include="ActiveAction.cpp">
      <Filter>actions</Filter>
    </ClCompile>
    <ClCompile Include="ActiveActions.cpp">
      <Filter>actions</Filter>
    </ClCompile>
    <ClCompile Include="ActivePythonAction.cpp">
      <Filter>actions</Filter>
    </ClCompile>
    <ClCompile Include="ActiveLuaAction.cpp">
      <Filter>actions</Filter>
    </ClCompile>
    <ClCompile Include="ActivePluginAction.cpp">
      <Filter>actions</Filter>
    </ClCompile>
  </ItemGroup>
  <ItemGroup>
    <ResourceCompile Include="ActionMonitor.rc">
      <Filter>Source Files</Filter>
    </ResourceCompile>
  </ItemGroup>
  <ItemGroup>
    <ClInclude Include="ActionMonitor.h">
      <Filter>Header Files</Filter>
    </ClInclude>
    <ClInclude Include="ActionMonitorDlg.h">
      <Filter>Header Files</Filter>
    </ClInclude>
    <ClInclude Include="ActionsImmediate.h">
      <Filter>Header Files</Filter>
    </ClInclude>
    <ClInclude Include="..\common\Clipboard.h">
      <Filter>Header Files</Filter>
    </ClInclude>
    <ClInclude Include="FadeWnd.h">
      <Filter>Header Files</Filter>
    </ClInclude>
    <ClInclude Include="MemDC.h">
      <Filter>Header Files</Filter>
    </ClInclude>
    <ClInclude Include="MessageDlg.h">
      <Filter>Header Files</Filter>
    </ClInclude>
    <ClInclude Include="Resource.h">
      <Filter>Header Files</Filter>
    </ClInclude>
    <ClInclude Include="StdAfx.h">
      <Filter>Header Files</Filter>
    </ClInclude>
    <ClInclude Include="..\common\TrayDialog.h">
      <Filter>Header Files</Filter>
    </ClInclude>
    <ClInclude Include="..\api\helperapi.h">
      <Filter>api</Filter>
    </ClInclude>
    <ClInclude Include="..\api\luaapi.h">
      <Filter>api</Filter>
    </ClInclude>
    <ClInclude Include="..\api\LuaVirtualMachine.h">
      <Filter>api</Filter>
    </ClInclude>
    <ClInclude Include="..\api\pluginapi.h">
      <Filter>api</Filter>
    </ClInclude>
    <ClInclude Include="targetver.h">
      <Filter>Header Files</Filter>
    </ClInclude>
    <ClInclude Include="..\api\PluginVirtualMachine.h">
      <Filter>api</Filter>
    </ClInclude>
    <ClInclude Include="..\api\pyapi.h">
      <Filter>api</Filter>
    </ClInclude>
    <ClInclude Include="..\api\pyconfig.h">
      <Filter>api</Filter>
    </ClInclude>
    <ClInclude Include="..\api\PythonVirtualMachine.h">
      <Filter>api</Filter>
    </ClInclude>
    <ClInclude Include="..\common\ClipboardData.h">
      <Filter>Header Files</Filter>
    </ClInclude>
    <ClInclude Include="..\common\ClipboardDropData.h">
      <Filter>Header Files</Filter>
    </ClInclude>
    <ClInclude Include="..\common\ClipboardsData.h">
      <Filter>Header Files</Filter>
    </ClInclude>
    <ClInclude Include="ActiveActions.h">
      <Filter>actions</Filter>
    </ClInclude>
    <ClInclude Include="Action.h">
      <Filter>actions</Filter>
    </ClInclude>
    <ClInclude Include="ActionBye.h">
      <Filter>actions</Filter>
    </ClInclude>
    <ClInclude Include="ActionLoad.h">
      <Filter>actions</Filter>
    </ClInclude>
    <ClInclude Include="Actions.h">
      <Filter>actions</Filter>
    </ClInclude>
    <ClInclude Include="ActionsCore.h">
      <Filter>actions</Filter>
    </ClInclude>
    <ClInclude Include="ActionVersion.h">
      <Filter>actions</Filter>
    </ClInclude>
    <ClInclude Include="ActiveAction.h">
      <Filter>actions</Filter>
    </ClInclude>
    <ClInclude Include="ActivePythonAction.h">
      <Filter>actions</Filter>
    </ClInclude>
    <ClInclude Include="ActiveLuaAction.h">
      <Filter>actions</Filter>
    </ClInclude>
    <ClInclude Include="ActivePluginAction.h">
      <Filter>actions</Filter>
    </ClInclude>
  </ItemGroup>
  <ItemGroup>
    <Image Include="res\ActionMonitor.ico">
      <Filter>Resource Files</Filter>
    </Image>
    <Image Include="res\idr_main.ico">
      <Filter>Resource Files</Filter>
    </Image>
  </ItemGroup>
  <ItemGroup>
    <None Include="res\ActionMonitor.rc2">
      <Filter>Resource Files</Filter>
    </None>
  </ItemGroup>
</Project>