<?xml version="1.0" encoding="utf-8"?>
<Project ToolsVersion="4.0" xmlns="http://schemas.microsoft.com/developer/msbuild/2003">
  <ItemGroup>
    <Filter Include="Resource Files">
      <UniqueIdentifier>{3aedcdba-eaf4-4440-8b41-4ae16449e868}</UniqueIdentifier>
      <Extensions>ico;cur;bmp;dlg;rc2;rct;bin;rgs;gif;jpg;jpeg;jpe</Extensions>
    </Filter>
    <Filter Include="api">
      <UniqueIdentifier>{90482882-b31f-43b1-81f8-680ac879de20}</UniqueIdentifier>
    </Filter>
    <Filter Include="actions">
      <UniqueIdentifier>{1fa95ad0-7bc0-4e41-b5fe-3a35c8b4354a}</UniqueIdentifier>
    </Filter>
    <Filter Include="Common">
      <UniqueIdentifier>{91d4a086-0f07-4bec-bfc2-a1e78923ac3b}</UniqueIdentifier>
      <Extensions>cpp;c;cxx;rc;def;r;odl;idl;hpj;bat</Extensions>
    </Filter>
  </ItemGroup>
  <ItemGroup>
    <ClCompile Include="ActionMonitorDlg.cpp">
      <Filter>Common</Filter>
    </ClCompile>
    <ClCompile Include="..\common\Clipboard.cpp">
      <Filter>Common</Filter>
    </ClCompile>
    <ClCompile Include="FadeWnd.cpp">
      <Filter>Common</Filter>
    </ClCompile>
    <ClCompile Include="MessageDlg.cpp">
      <Filter>Common</Filter>
    </ClCompile>
    <ClCompile Include="StdAfx.cpp">
      <Filter>Common</Filter>
    </ClCompile>
    <ClCompile Include="..\api\helperapi.cpp">
      <Filter>api</Filter>
    </ClCompile>
    <ClCompile Include="..\api\luaapi.cpp">
      <Filter>api</Filter>
    </ClCompile>
    <ClCompile Include="..\api\LuaVirtualMachine.cpp">
      <Filter>api</Filter>
    </ClCompile>
    <ClCompile Include="..\api\pluginapi.cpp">
      <Filter>api</Filter>
    </ClCompile>
    <ClCompile Include="..\api\PluginVirtualMachine.cpp">
      <Filter>api</Filter>
    </ClCompile>
    <ClCompile Include="..\api\pyapi.cpp">
      <Filter>api</Filter>
    </ClCompile>
    <ClCompile Include="..\api\PythonVirtualMachine.cpp">
      <Filter>api</Filter>
    </ClCompile>
    <ClCompile Include="..\common\ClipboardData.cpp">
      <Filter>Common</Filter>
    </ClCompile>
    <ClCompile Include="..\common\ClipboardDropData.cpp">
      <Filter>Common</Filter>
    </ClCompile>
    <ClCompile Include="..\common\ClipboardsData.cpp">
      <Filter>Common</Filter>
    </ClCompile>
    <ClCompile Include="Action.cpp">
      <Filter>actions</Filter>
    </ClCompile>
    <ClCompile Include="ActionBye.cpp">
      <Filter>actions</Filter>
    </ClCompile>
    <ClCompile Include="ActionLoad.cpp">
      <Filter>actions</Filter>
    </ClCompile>
    <ClCompile Include="Actions.cpp">
      <Filter>actions</Filter>
    </ClCompile>
    <ClCompile Include="ActionVersion.cpp">
      <Filter>actions</Filter>
    </ClCompile>
    <ClCompile Include="ActiveAction.cpp">
      <Filter>actions</Filter>
    </ClCompile>
    <ClCompile Include="ActiveActions.cpp">
      <Filter>actions</Filter>
    </ClCompile>
    <ClCompile Include="ActionMonitor.cpp">
      <Filter>Common</Filter>
    </ClCompile>
    <ClCompile Include="ActivePythonAction.cpp">
      <Filter>actions</Filter>
    </ClCompile>
    <ClCompile Include="ActiveByeAction.cpp">
      <Filter>actions</Filter>
    </ClCompile>
    <ClCompile Include="ActiveDefaultAction.cpp">
      <Filter>actions</Filter>
    </ClCompile>
    <ClCompile Include="..\api\powershellvirtualmachine.cpp">
      <Filter>api</Filter>
    </ClCompile>
    <ClCompile Include="..\api\powershellapi.cpp">
      <Filter>api</Filter>
    </ClCompile>
    <ClCompile Include="ActiveBatchAction.cpp">
      <Filter>actions</Filter>
    </ClCompile>
    <ClCompile Include="ActiveCmdAction.cpp">
      <Filter>actions</Filter>
    </ClCompile>
    <ClCompile Include="ActiveComAction.cpp">
      <Filter>actions</Filter>
    </ClCompile>
    <ClCompile Include="ActiveExeAction.cpp">
      <Filter>actions</Filter>
    </ClCompile>
    <ClCompile Include="..\api\csapi.cpp">
      <Filter>api</Filter>
    </ClCompile>
    <ClCompile Include="..\api\csvirtualmachine.cpp">
      <Filter>api</Filter>
    </ClCompile>
    <ClCompile Include="..\api\shellapi.cpp">
      <Filter>api</Filter>
    </ClCompile>
    <ClCompile Include="..\api\shellvirtualmachine.cpp">
      <Filter>api</Filter>
    </ClCompile>
    <ClCompile Include="ActionsImmediate.cpp">
      <Filter>actions</Filter>
    </ClCompile>
    <ClCompile Include="MessagesHandler.cpp">
      <Filter>Common</Filter>
    </ClCompile>
    <ClCompile Include="MessagesHandlerWnd.cpp">
      <Filter>Common</Filter>
    </ClCompile>
    <ClCompile Include="IMessagesHandler.cpp">
      <Filter>Common</Filter>
    </ClCompile>
    <ClCompile Include="..\api\VirtualMachines.cpp">
      <Filter>api</Filter>
    </ClCompile>
    <ClCompile Include="..\api\IVirtualMachine.cpp">
      <Filter>api</Filter>
    </ClCompile>
    <ClCompile Include="IActions.cpp">
      <Filter>actions</Filter>
    </ClCompile>
    <ClCompile Include="IIpcListener.cpp">
      <Filter>Common</Filter>
    </ClCompile>
    <ClCompile Include="IpcListener.cpp">
      <Filter>Common</Filter>
    </ClCompile>
    <ClCompile Include="..\api\IVirtualMachines.cpp">
      <Filter>api</Filter>
    </ClCompile>
    <ClCompile Include="IApplication.cpp">
      <Filter>Common</Filter>
    </ClCompile>
    <ClCompile Include="Application.cpp">
      <Filter>Common</Filter>
    </ClCompile>
    <ClCompile Include="HookWnd.cpp">
      <Filter>Common</Filter>
    </ClCompile>
    <ClCompile Include="CommonWnd.cpp">
      <Filter>Common</Filter>
    </ClCompile>
    <ClCompile Include="IDisplay.cpp">
      <Filter>Common</Filter>
    </ClCompile>
    <ClCompile Include="ActiveVersionAction.cpp">
      <Filter>actions</Filter>
    </ClCompile>
    <ClCompile Include="ActiveLoadAction.cpp">
      <Filter>actions</Filter>
    </ClCompile>
    <ClCompile Include="TrayWnd.cpp">
      <Filter>Common</Filter>
    </ClCompile>
    <ClCompile Include="ITray.cpp">
      <Filter>Common</Filter>
    </ClCompile>
    <ClCompile Include="ApplicationTray.cpp">
      <Filter>Common</Filter>
    </ClCompile>
    <ClCompile Include="..\api\ExecuteApi.cpp">
      <Filter>api</Filter>
    </ClCompile>
    <ClCompile Include="..\api\executevirtualmachine.cpp">
      <Filter>api</Filter>
    </ClCompile>
    <ClCompile Include="ActiveVirtualMachineAction.cpp">
      <Filter>actions</Filter>
    </ClCompile>
    <ClCompile Include="IAction.cpp">
      <Filter>actions</Filter>
    </ClCompile>
    <ClCompile Include="IActiveAction.cpp">
      <Filter>actions</Filter>
    </ClCompile>
    <ClCompile Include="ActiveActionsRunner.cpp">
      <Filter>actions</Filter>
    </ClCompile>
    <ClCompile Include="ActionLog.cpp">
      <Filter>actions</Filter>
    </ClCompile>
    <ClCompile Include="ActiveLogAction.cpp">
      <Filter>actions</Filter>
    </ClCompile>
  </ItemGroup>
  <ItemGroup>
    <ClInclude Include="..\api\helperapi.h">
      <Filter>api</Filter>
    </ClInclude>
    <ClInclude Include="..\api\luaapi.h">
      <Filter>api</Filter>
    </ClInclude>
    <ClInclude Include="..\api\LuaVirtualMachine.h">
      <Filter>api</Filter>
    </ClInclude>
    <ClInclude Include="..\api\pluginapi.h">
      <Filter>api</Filter>
    </ClInclude>
    <ClInclude Include="..\api\PluginVirtualMachine.h">
      <Filter>api</Filter>
    </ClInclude>
    <ClInclude Include="..\api\pyapi.h">
      <Filter>api</Filter>
    </ClInclude>
    <ClInclude Include="..\api\PythonVirtualMachine.h">
      <Filter>api</Filter>
    </ClInclude>
    <ClInclude Include="Action.h">
      <Filter>actions</Filter>
    </ClInclude>
    <ClInclude Include="ActionBye.h">
      <Filter>actions</Filter>
    </ClInclude>
    <ClInclude Include="ActionLoad.h">
      <Filter>actions</Filter>
    </ClInclude>
    <ClInclude Include="Actions.h">
      <Filter>actions</Filter>
    </ClInclude>
    <ClInclude Include="ActionVersion.h">
      <Filter>actions</Filter>
    </ClInclude>
    <ClInclude Include="ActiveAction.h">
      <Filter>actions</Filter>
    </ClInclude>
    <ClInclude Include="ActiveActions.h">
      <Filter>actions</Filter>
    </ClInclude>
    <ClInclude Include="ActivePythonAction.h">
      <Filter>actions</Filter>
    </ClInclude>
    <ClInclude Include="ActiveByeAction.h">
      <Filter>actions</Filter>
    </ClInclude>
    <ClInclude Include="ActiveDefaultAction.h">
      <Filter>actions</Filter>
    </ClInclude>
    <ClInclude Include="..\api\powershellvirtualmachine.h">
      <Filter>api</Filter>
    </ClInclude>
    <ClInclude Include="..\api\powershellapi.h">
      <Filter>api</Filter>
    </ClInclude>
    <ClInclude Include="ActiveBatchAction.h">
      <Filter>actions</Filter>
    </ClInclude>
    <ClInclude Include="ActiveCmdAction.h">
      <Filter>actions</Filter>
    </ClInclude>
    <ClInclude Include="ActiveComAction.h">
      <Filter>actions</Filter>
    </ClInclude>
    <ClInclude Include="ActiveExeAction.h">
      <Filter>actions</Filter>
    </ClInclude>
    <ClInclude Include="..\api\plugins.h">
      <Filter>api</Filter>
    </ClInclude>
    <ClInclude Include="..\api\csapi.h">
      <Filter>api</Filter>
    </ClInclude>
    <ClInclude Include="..\api\csvirtualmachine.h">
      <Filter>api</Filter>
    </ClInclude>
    <ClInclude Include="..\api\shellapi.h">
      <Filter>api</Filter>
    </ClInclude>
    <ClInclude Include="..\api\shellvirtualmachine.h">
      <Filter>api</Filter>
    </ClInclude>
    <ClInclude Include="ActionsImmediate.h">
      <Filter>actions</Filter>
    </ClInclude>
    <ClInclude Include="..\api\VirtualMachines.h">
      <Filter>api</Filter>
    </ClInclude>
    <ClInclude Include="..\api\IVirtualMachine.h">
      <Filter>api</Filter>
    </ClInclude>
    <ClInclude Include="IActions.h">
      <Filter>actions</Filter>
    </ClInclude>
    <ClInclude Include="..\api\IVirtualMachines.h">
      <Filter>api</Filter>
    </ClInclude>
    <ClInclude Include="ActionMonitor.h">
      <Filter>Common</Filter>
    </ClInclude>
    <ClInclude Include="ActionMonitorDlg.h">
      <Filter>Common</Filter>
    </ClInclude>
    <ClInclude Include="..\common\Clipboard.h">
      <Filter>Common</Filter>
    </ClInclude>
    <ClInclude Include="..\common\ClipboardData.h">
      <Filter>Common</Filter>
    </ClInclude>
    <ClInclude Include="..\common\ClipboardDropData.h">
      <Filter>Common</Filter>
    </ClInclude>
    <ClInclude Include="..\common\ClipboardsData.h">
      <Filter>Common</Filter>
    </ClInclude>
    <ClInclude Include="FadeWnd.h">
      <Filter>Common</Filter>
    </ClInclude>
    <ClInclude Include="IIpcListener.h">
      <Filter>Common</Filter>
    </ClInclude>
    <ClInclude Include="IMessagesHandler.h">
      <Filter>Common</Filter>
    </ClInclude>
    <ClInclude Include="IpcListener.h">
      <Filter>Common</Filter>
    </ClInclude>
    <ClInclude Include="MemDC.h">
      <Filter>Common</Filter>
    </ClInclude>
    <ClInclude Include="MessageDlg.h">
      <Filter>Common</Filter>
    </ClInclude>
    <ClInclude Include="MessagesHandler.h">
      <Filter>Common</Filter>
    </ClInclude>
    <ClInclude Include="MessagesHandlerWnd.h">
      <Filter>Common</Filter>
    </ClInclude>
    <ClInclude Include="Resource.h">
      <Filter>Common</Filter>
    </ClInclude>
    <ClInclude Include="StdAfx.h">
      <Filter>Common</Filter>
    </ClInclude>
    <ClInclude Include="targetver.h">
      <Filter>Common</Filter>
    </ClInclude>
    <ClInclude Include="IApplication.h">
      <Filter>Common</Filter>
    </ClInclude>
    <ClInclude Include="Application.h">
      <Filter>Common</Filter>
    </ClInclude>
    <ClInclude Include="CommonWnd.h">
      <Filter>Common</Filter>
    </ClInclude>
    <ClInclude Include="HookWnd.h">
      <Filter>Common</Filter>
    </ClInclude>
    <ClInclude Include="ActiveVersionAction.h">
      <Filter>actions</Filter>
    </ClInclude>
    <ClInclude Include="ActiveLoadAction.h">
      <Filter>actions</Filter>
    </ClInclude>
    <ClInclude Include="TrayWnd.h">
      <Filter>Common</Filter>
    </ClInclude>
    <ClInclude Include="IDisplay.h">
      <Filter>Common</Filter>
    </ClInclude>
    <ClInclude Include="ITray.h">
      <Filter>Common</Filter>
    </ClInclude>
    <ClInclude Include="ApplicationTray.h">
      <Filter>Common</Filter>
    </ClInclude>
    <ClInclude Include="..\api\ExecuteApi.h">
      <Filter>api</Filter>
    </ClInclude>
    <ClInclude Include="..\api\executevirtualmachine.h">
      <Filter>api</Filter>
    </ClInclude>
    <ClInclude Include="ActiveVirtualMachineAction.h">
      <Filter>actions</Filter>
    </ClInclude>
    <ClInclude Include="IAction.h">
      <Filter>actions</Filter>
    </ClInclude>
    <ClInclude Include="IActiveAction.h">
      <Filter>actions</Filter>
    </ClInclude>
    <ClInclude Include="ActiveActionsRunner.h">
      <Filter>actions</Filter>
    </ClInclude>
    <ClInclude Include="ActionLog.h">
      <Filter>actions</Filter>
    </ClInclude>
    <ClInclude Include="ActiveLogAction.h">
      <Filter>actions</Filter>
    </ClInclude>
  </ItemGroup>
  <ItemGroup>
    <Image Include="res\ActionMonitor.ico">
      <Filter>Resource Files</Filter>
    </Image>
    <Image Include="res\idr_main.ico">
      <Filter>Resource Files</Filter>
    </Image>
  </ItemGroup>
  <ItemGroup>
    <None Include="res\ActionMonitor.rc2">
      <Filter>Resource Files</Filter>
    </None>
  </ItemGroup>
  <ItemGroup>
    <ResourceCompile Include="ActionMonitor.rc">
      <Filter>Resource Files</Filter>
    </ResourceCompile>
  </ItemGroup>
</Project>